
Microsoft Visual Studio Solution File, Format Version 12.00
# Visual Studio 2013
VisualStudioVersion = 12.0.21005.1
MinimumVisualStudioVersion = 10.0.40219.1
Project("{FAE04EC0-301F-11D3-BF4B-00C04F79EFBC}") = "Centuries-To-Minutes", "Centuries-To-Minutes\Centuries-To-Minutes.csproj", "{1F4929EE-5DB9-4198-87CB-D70CD6598CD4}"
EndProject
Project("{FAE04EC0-301F-11D3-BF4B-00C04F79EFBC}") = "Circle-Area", "Circle-Area\Circle-Area.csproj", "{AC46764D-4A3B-4623-9E12-56DE04B9D25B}"
EndProject
Project("{FAE04EC0-301F-11D3-BF4B-00C04F79EFBC}") = "Exact-Sum-Of-Real-Numbers", "Exact-Sum-Of-Real-Numbers\Exact-Sum-Of-Real-Numbers.csproj", "{70B4C145-1FBC-41A4-9FCF-C697F50B4FA3}"
EndProject
Project("{FAE04EC0-301F-11D3-BF4B-00C04F79EFBC}") = "Elevator", "Elevator\Elevator.csproj", "{5C8977A5-2772-4F77-BF64-5E0BAD7273EA}"
EndProject
Project("{FAE04EC0-301F-11D3-BF4B-00C04F79EFBC}") = "Special-Numbers", "Special-Numbers\Special-Numbers.csproj", "{0213D9AD-5DE2-4595-9F12-606DAE742E67}"
EndProject
Project("{FAE04EC0-301F-11D3-BF4B-00C04F79EFBC}") = "Triples-Of-Letters", "Triples-Of-Letters\Triples-Of-Letters.csproj", "{5E79889C-BD2A-4D2B-9905-C68358EC6F99}"
EndProject
Global
	GlobalSection(SolutionConfigurationPlatforms) = preSolution
		Debug|Any CPU = Debug|Any CPU
		Release|Any CPU = Release|Any CPU
	EndGlobalSection
	GlobalSection(ProjectConfigurationPlatforms) = postSolution
		{1F4929EE-5DB9-4198-87CB-D70CD6598CD4}.Debug|Any CPU.ActiveCfg = Debug|Any CPU
		{1F4929EE-5DB9-4198-87CB-D70CD6598CD4}.Debug|Any CPU.Build.0 = Debug|Any CPU
		{1F4929EE-5DB9-4198-87CB-D70CD6598CD4}.Release|Any CPU.ActiveCfg = Release|Any CPU
		{1F4929EE-5DB9-4198-87CB-D70CD6598CD4}.Release|Any CPU.Build.0 = Release|Any CPU
		{AC46764D-4A3B-4623-9E12-56DE04B9D25B}.Debug|Any CPU.ActiveCfg = Debug|Any CPU
		{AC46764D-4A3B-4623-9E12-56DE04B9D25B}.Debug|Any CPU.Build.0 = Debug|Any CPU
		{AC46764D-4A3B-4623-9E12-56DE04B9D25B}.Release|Any CPU.ActiveCfg = Release|Any CPU
		{AC46764D-4A3B-4623-9E12-56DE04B9D25B}.Release|Any CPU.Build.0 = Release|Any CPU
		{70B4C145-1FBC-41A4-9FCF-C697F50B4FA3}.Debug|Any CPU.ActiveCfg = Debug|Any CPU
		{70B4C145-1FBC-41A4-9FCF-C697F50B4FA3}.Debug|Any CPU.Build.0 = Debug|Any CPU
		{70B4C145-1FBC-41A4-9FCF-C697F50B4FA3}.Release|Any CPU.ActiveCfg = Release|Any CPU
		{70B4C145-1FBC-41A4-9FCF-C697F50B4FA3}.Release|Any CPU.Build.0 = Release|Any CPU
		{5C8977A5-2772-4F77-BF64-5E0BAD7273EA}.Debug|Any CPU.ActiveCfg = Debug|Any CPU
		{5C8977A5-2772-4F77-BF64-5E0BAD7273EA}.Debug|Any CPU.Build.0 = Debug|Any CPU
		{5C8977A5-2772-4F77-BF64-5E0BAD7273EA}.Release|Any CPU.ActiveCfg = Release|Any CPU
		{5C8977A5-2772-4F77-BF64-5E0BAD7273EA}.Release|Any CPU.Build.0 = Release|Any CPU
		{0213D9AD-5DE2-4595-9F12-606DAE742E67}.Debug|Any CPU.ActiveCfg = Debug|Any CPU
		{0213D9AD-5DE2-4595-9F12-606DAE742E67}.Debug|Any CPU.Build.0 = Debug|Any CPU
		{0213D9AD-5DE2-4595-9F12-606DAE742E67}.Release|Any CPU.ActiveCfg = Release|Any CPU
		{0213D9AD-5DE2-4595-9F12-606DAE742E67}.Release|Any CPU.Build.0 = Release|Any CPU
		{5E79889C-BD2A-4D2B-9905-C68358EC6F99}.Debug|Any CPU.ActiveCfg = Debug|Any CPU
		{5E79889C-BD2A-4D2B-9905-C68358EC6F99}.Debug|Any CPU.Build.0 = Debug|Any CPU
		{5E79889C-BD2A-4D2B-9905-C68358EC6F99}.Release|Any CPU.ActiveCfg = Release|Any CPU
		{5E79889C-BD2A-4D2B-9905-C68358EC6F99}.Release|Any CPU.Build.0 = Release|Any CPU
	EndGlobalSection
	GlobalSection(SolutionProperties) = preSolution
		HideSolutionNode = FALSE
	EndGlobalSection
EndGlobal
