
Microsoft Visual Studio Solution File, Format Version 12.00
# Visual Studio 15
VisualStudioVersion = 15.0.27703.1
MinimumVisualStudioVersion = 10.0.40219.1
Project("{FAE04EC0-301F-11D3-BF4B-00C04F79EFBC}") = "Welcome-To-HTML", "Welcome-To-HTML\Welcome-To-HTML.csproj", "{256E07BD-7A3B-4314-A08C-7EFDCEC9E2F0}"
EndProject
Project("{FAE04EC0-301F-11D3-BF4B-00C04F79EFBC}") = "Headings", "Headings\Headings.csproj", "{F0195B38-C4A0-4FA3-A096-7A93D5F760C5}"
EndProject
Project("{FAE04EC0-301F-11D3-BF4B-00C04F79EFBC}") = "Paragraphs", "Paragraphs\Paragraphs.csproj", "{797EEFDD-E4B3-418B-89EC-5426DF5CD806}"
EndProject
Project("{FAE04EC0-301F-11D3-BF4B-00C04F79EFBC}") = "My-TODO-List", "My-TODO-List\My-TODO-List.csproj", "{3A9A9AF7-B808-4BF2-8C7C-BBFBF2F0D45D}"
EndProject
Project("{FAE04EC0-301F-11D3-BF4B-00C04F79EFBC}") = "Hello-HTML", "Hello-HTML\Hello-HTML.csproj", "{A85AA717-B891-4320-8B92-CAEC5FD9C1F8}"
EndProject
Project("{FAE04EC0-301F-11D3-BF4B-00C04F79EFBC}") = "Website", "Website\Website.csproj", "{08006C05-E369-486C-BF8D-8BA98193E431}"
EndProject
Project("{FAE04EC0-301F-11D3-BF4B-00C04F79EFBC}") = "Fruits", "Fruits\Fruits.csproj", "{0F2C2786-9C01-44A2-9B5A-A6BF9763E73F}"
EndProject
Project("{FAE04EC0-301F-11D3-BF4B-00C04F79EFBC}") = "Receipt", "Receipt\Receipt.csproj", "{65C9EA4D-2DC1-4E5E-9E5D-031C74B1DD28}"
EndProject
Project("{FAE04EC0-301F-11D3-BF4B-00C04F79EFBC}") = "Contact", "Contact\Contact.csproj", "{C23E2740-4F95-43D8-A0E5-CB21B91BD3EC}"
EndProject
Project("{FAE04EC0-301F-11D3-BF4B-00C04F79EFBC}") = "Colors", "Colors\Colors.csproj", "{269C0F0D-0F33-4554-9662-EDBCCDE23B57}"
EndProject
Project("{FAE04EC0-301F-11D3-BF4B-00C04F79EFBC}") = "Borders", "Borders\Borders.csproj", "{F4E12008-E766-4B58-8B93-72445E2AA5E5}"
EndProject
Project("{FAE04EC0-301F-11D3-BF4B-00C04F79EFBC}") = "Rectangles", "Rectangles\Rectangles.csproj", "{7FE06343-0AB1-40A2-83CA-C4545ED786E8}"
EndProject
Project("{FAE04EC0-301F-11D3-BF4B-00C04F79EFBC}") = "Languages", "Languages\Languages.csproj", "{27AA551F-00B1-4630-A8B2-9A065253C5FC}"
EndProject
Project("{FAE04EC0-301F-11D3-BF4B-00C04F79EFBC}") = "Contact-Us-Form", "Contact-Us-Form\Contact-Us-Form.csproj", "{665E4E6C-EBF6-4324-BE94-5DB54D5DD892}"
EndProject
Global
	GlobalSection(SolutionConfigurationPlatforms) = preSolution
		Debug|Any CPU = Debug|Any CPU
		Release|Any CPU = Release|Any CPU
	EndGlobalSection
	GlobalSection(ProjectConfigurationPlatforms) = postSolution
		{256E07BD-7A3B-4314-A08C-7EFDCEC9E2F0}.Debug|Any CPU.ActiveCfg = Debug|Any CPU
		{256E07BD-7A3B-4314-A08C-7EFDCEC9E2F0}.Debug|Any CPU.Build.0 = Debug|Any CPU
		{256E07BD-7A3B-4314-A08C-7EFDCEC9E2F0}.Release|Any CPU.ActiveCfg = Release|Any CPU
		{256E07BD-7A3B-4314-A08C-7EFDCEC9E2F0}.Release|Any CPU.Build.0 = Release|Any CPU
		{F0195B38-C4A0-4FA3-A096-7A93D5F760C5}.Debug|Any CPU.ActiveCfg = Debug|Any CPU
		{F0195B38-C4A0-4FA3-A096-7A93D5F760C5}.Debug|Any CPU.Build.0 = Debug|Any CPU
		{F0195B38-C4A0-4FA3-A096-7A93D5F760C5}.Release|Any CPU.ActiveCfg = Release|Any CPU
		{F0195B38-C4A0-4FA3-A096-7A93D5F760C5}.Release|Any CPU.Build.0 = Release|Any CPU
		{797EEFDD-E4B3-418B-89EC-5426DF5CD806}.Debug|Any CPU.ActiveCfg = Debug|Any CPU
		{797EEFDD-E4B3-418B-89EC-5426DF5CD806}.Debug|Any CPU.Build.0 = Debug|Any CPU
		{797EEFDD-E4B3-418B-89EC-5426DF5CD806}.Release|Any CPU.ActiveCfg = Release|Any CPU
		{797EEFDD-E4B3-418B-89EC-5426DF5CD806}.Release|Any CPU.Build.0 = Release|Any CPU
		{3A9A9AF7-B808-4BF2-8C7C-BBFBF2F0D45D}.Debug|Any CPU.ActiveCfg = Debug|Any CPU
		{3A9A9AF7-B808-4BF2-8C7C-BBFBF2F0D45D}.Debug|Any CPU.Build.0 = Debug|Any CPU
		{3A9A9AF7-B808-4BF2-8C7C-BBFBF2F0D45D}.Release|Any CPU.ActiveCfg = Release|Any CPU
		{3A9A9AF7-B808-4BF2-8C7C-BBFBF2F0D45D}.Release|Any CPU.Build.0 = Release|Any CPU
		{A85AA717-B891-4320-8B92-CAEC5FD9C1F8}.Debug|Any CPU.ActiveCfg = Debug|Any CPU
		{A85AA717-B891-4320-8B92-CAEC5FD9C1F8}.Debug|Any CPU.Build.0 = Debug|Any CPU
		{A85AA717-B891-4320-8B92-CAEC5FD9C1F8}.Release|Any CPU.ActiveCfg = Release|Any CPU
		{A85AA717-B891-4320-8B92-CAEC5FD9C1F8}.Release|Any CPU.Build.0 = Release|Any CPU
		{08006C05-E369-486C-BF8D-8BA98193E431}.Debug|Any CPU.ActiveCfg = Debug|Any CPU
		{08006C05-E369-486C-BF8D-8BA98193E431}.Debug|Any CPU.Build.0 = Debug|Any CPU
		{08006C05-E369-486C-BF8D-8BA98193E431}.Release|Any CPU.ActiveCfg = Release|Any CPU
		{08006C05-E369-486C-BF8D-8BA98193E431}.Release|Any CPU.Build.0 = Release|Any CPU
		{0F2C2786-9C01-44A2-9B5A-A6BF9763E73F}.Debug|Any CPU.ActiveCfg = Debug|Any CPU
		{0F2C2786-9C01-44A2-9B5A-A6BF9763E73F}.Debug|Any CPU.Build.0 = Debug|Any CPU
		{0F2C2786-9C01-44A2-9B5A-A6BF9763E73F}.Release|Any CPU.ActiveCfg = Release|Any CPU
		{0F2C2786-9C01-44A2-9B5A-A6BF9763E73F}.Release|Any CPU.Build.0 = Release|Any CPU
		{65C9EA4D-2DC1-4E5E-9E5D-031C74B1DD28}.Debug|Any CPU.ActiveCfg = Debug|Any CPU
		{65C9EA4D-2DC1-4E5E-9E5D-031C74B1DD28}.Debug|Any CPU.Build.0 = Debug|Any CPU
		{65C9EA4D-2DC1-4E5E-9E5D-031C74B1DD28}.Release|Any CPU.ActiveCfg = Release|Any CPU
		{65C9EA4D-2DC1-4E5E-9E5D-031C74B1DD28}.Release|Any CPU.Build.0 = Release|Any CPU
		{C23E2740-4F95-43D8-A0E5-CB21B91BD3EC}.Debug|Any CPU.ActiveCfg = Debug|Any CPU
		{C23E2740-4F95-43D8-A0E5-CB21B91BD3EC}.Debug|Any CPU.Build.0 = Debug|Any CPU
		{C23E2740-4F95-43D8-A0E5-CB21B91BD3EC}.Release|Any CPU.ActiveCfg = Release|Any CPU
		{C23E2740-4F95-43D8-A0E5-CB21B91BD3EC}.Release|Any CPU.Build.0 = Release|Any CPU
		{269C0F0D-0F33-4554-9662-EDBCCDE23B57}.Debug|Any CPU.ActiveCfg = Debug|Any CPU
		{269C0F0D-0F33-4554-9662-EDBCCDE23B57}.Debug|Any CPU.Build.0 = Debug|Any CPU
		{269C0F0D-0F33-4554-9662-EDBCCDE23B57}.Release|Any CPU.ActiveCfg = Release|Any CPU
		{269C0F0D-0F33-4554-9662-EDBCCDE23B57}.Release|Any CPU.Build.0 = Release|Any CPU
		{F4E12008-E766-4B58-8B93-72445E2AA5E5}.Debug|Any CPU.ActiveCfg = Debug|Any CPU
		{F4E12008-E766-4B58-8B93-72445E2AA5E5}.Debug|Any CPU.Build.0 = Debug|Any CPU
		{F4E12008-E766-4B58-8B93-72445E2AA5E5}.Release|Any CPU.ActiveCfg = Release|Any CPU
		{F4E12008-E766-4B58-8B93-72445E2AA5E5}.Release|Any CPU.Build.0 = Release|Any CPU
		{7FE06343-0AB1-40A2-83CA-C4545ED786E8}.Debug|Any CPU.ActiveCfg = Debug|Any CPU
		{7FE06343-0AB1-40A2-83CA-C4545ED786E8}.Debug|Any CPU.Build.0 = Debug|Any CPU
		{7FE06343-0AB1-40A2-83CA-C4545ED786E8}.Release|Any CPU.ActiveCfg = Release|Any CPU
		{7FE06343-0AB1-40A2-83CA-C4545ED786E8}.Release|Any CPU.Build.0 = Release|Any CPU
		{27AA551F-00B1-4630-A8B2-9A065253C5FC}.Debug|Any CPU.ActiveCfg = Debug|Any CPU
		{27AA551F-00B1-4630-A8B2-9A065253C5FC}.Debug|Any CPU.Build.0 = Debug|Any CPU
		{27AA551F-00B1-4630-A8B2-9A065253C5FC}.Release|Any CPU.ActiveCfg = Release|Any CPU
		{27AA551F-00B1-4630-A8B2-9A065253C5FC}.Release|Any CPU.Build.0 = Release|Any CPU
		{665E4E6C-EBF6-4324-BE94-5DB54D5DD892}.Debug|Any CPU.ActiveCfg = Debug|Any CPU
		{665E4E6C-EBF6-4324-BE94-5DB54D5DD892}.Debug|Any CPU.Build.0 = Debug|Any CPU
		{665E4E6C-EBF6-4324-BE94-5DB54D5DD892}.Release|Any CPU.ActiveCfg = Release|Any CPU
		{665E4E6C-EBF6-4324-BE94-5DB54D5DD892}.Release|Any CPU.Build.0 = Release|Any CPU
	EndGlobalSection
	GlobalSection(SolutionProperties) = preSolution
		HideSolutionNode = FALSE
	EndGlobalSection
	GlobalSection(ExtensibilityGlobals) = postSolution
		SolutionGuid = {9DC19F6E-9213-40AA-9A13-E53DF9D8AB12}
	EndGlobalSection
EndGlobal
