
Microsoft Visual Studio Solution File, Format Version 12.00
# Visual Studio 2013
VisualStudioVersion = 12.0.21005.1
MinimumVisualStudioVersion = 10.0.40219.1
Project("{FAE04EC0-301F-11D3-BF4B-00C04F79EFBC}") = "Day-Of-Week", "Day-Of-Week\Day-Of-Week.csproj", "{74EC4A62-FDBF-47C5-9E46-ABE42F3FD7E4}"
EndProject
Project("{FAE04EC0-301F-11D3-BF4B-00C04F79EFBC}") = "Reverse-An-Array-Of-Integers", "Reverse-An-Array-Of-Integers\Reverse-An-Array-Of-Integers.csproj", "{56C515A6-ECFD-4C74-9216-02794CAE339B}"
EndProject
Project("{FAE04EC0-301F-11D3-BF4B-00C04F79EFBC}") = "Sum-Min-Max-First-Last-Average", "Sum-Min-Max-First-Last-Average\Sum-Min-Max-First-Last-Average.csproj", "{30A7F459-850B-4CAB-84CE-04B66EC648D7}"
EndProject
Project("{FAE04EC0-301F-11D3-BF4B-00C04F79EFBC}") = "Last-K-Numbers-Sums-Sequence", "Last-K-Numbers-Sums-Sequence\Last-K-Numbers-Sums-Sequence.csproj", "{EE0AEDFE-3D79-4459-A619-CC14AF2333A8}"
EndProject
Project("{FAE04EC0-301F-11D3-BF4B-00C04F79EFBC}") = "Triple-Sum", "Triple-Sum\Triple-Sum.csproj", "{08B95B2F-F902-4F53-9524-F656B5091276}"
EndProject
Project("{FAE04EC0-301F-11D3-BF4B-00C04F79EFBC}") = "Rounding-Away-From-Zero", "Rounding-Away-From-Zero\Rounding-Away-From-Zero.csproj", "{5A468A06-4A12-4C7E-81DA-BC351118EE20}"
EndProject
Project("{FAE04EC0-301F-11D3-BF4B-00C04F79EFBC}") = "Reverse-Array-Of-Strings", "Reverse-Array-Of-Strings\Reverse-Array-Of-Strings.csproj", "{36F80194-E817-464E-AAF9-6847EDBF3956}"
EndProject
Project("{FAE04EC0-301F-11D3-BF4B-00C04F79EFBC}") = "Sum-Array", "Sum-Array\Sum-Array.csproj", "{1E1CCD8F-5C3D-4FB8-BE2E-9A2B0FFA25E7}"
EndProject
Global
	GlobalSection(SolutionConfigurationPlatforms) = preSolution
		Debug|Any CPU = Debug|Any CPU
		Release|Any CPU = Release|Any CPU
	EndGlobalSection
	GlobalSection(ProjectConfigurationPlatforms) = postSolution
		{74EC4A62-FDBF-47C5-9E46-ABE42F3FD7E4}.Debug|Any CPU.ActiveCfg = Debug|Any CPU
		{74EC4A62-FDBF-47C5-9E46-ABE42F3FD7E4}.Debug|Any CPU.Build.0 = Debug|Any CPU
		{74EC4A62-FDBF-47C5-9E46-ABE42F3FD7E4}.Release|Any CPU.ActiveCfg = Release|Any CPU
		{74EC4A62-FDBF-47C5-9E46-ABE42F3FD7E4}.Release|Any CPU.Build.0 = Release|Any CPU
		{56C515A6-ECFD-4C74-9216-02794CAE339B}.Debug|Any CPU.ActiveCfg = Debug|Any CPU
		{56C515A6-ECFD-4C74-9216-02794CAE339B}.Debug|Any CPU.Build.0 = Debug|Any CPU
		{56C515A6-ECFD-4C74-9216-02794CAE339B}.Release|Any CPU.ActiveCfg = Release|Any CPU
		{56C515A6-ECFD-4C74-9216-02794CAE339B}.Release|Any CPU.Build.0 = Release|Any CPU
		{30A7F459-850B-4CAB-84CE-04B66EC648D7}.Debug|Any CPU.ActiveCfg = Debug|Any CPU
		{30A7F459-850B-4CAB-84CE-04B66EC648D7}.Debug|Any CPU.Build.0 = Debug|Any CPU
		{30A7F459-850B-4CAB-84CE-04B66EC648D7}.Release|Any CPU.ActiveCfg = Release|Any CPU
		{30A7F459-850B-4CAB-84CE-04B66EC648D7}.Release|Any CPU.Build.0 = Release|Any CPU
		{EE0AEDFE-3D79-4459-A619-CC14AF2333A8}.Debug|Any CPU.ActiveCfg = Debug|Any CPU
		{EE0AEDFE-3D79-4459-A619-CC14AF2333A8}.Debug|Any CPU.Build.0 = Debug|Any CPU
		{EE0AEDFE-3D79-4459-A619-CC14AF2333A8}.Release|Any CPU.ActiveCfg = Release|Any CPU
		{EE0AEDFE-3D79-4459-A619-CC14AF2333A8}.Release|Any CPU.Build.0 = Release|Any CPU
		{08B95B2F-F902-4F53-9524-F656B5091276}.Debug|Any CPU.ActiveCfg = Debug|Any CPU
		{08B95B2F-F902-4F53-9524-F656B5091276}.Debug|Any CPU.Build.0 = Debug|Any CPU
		{08B95B2F-F902-4F53-9524-F656B5091276}.Release|Any CPU.ActiveCfg = Release|Any CPU
		{08B95B2F-F902-4F53-9524-F656B5091276}.Release|Any CPU.Build.0 = Release|Any CPU
		{5A468A06-4A12-4C7E-81DA-BC351118EE20}.Debug|Any CPU.ActiveCfg = Debug|Any CPU
		{5A468A06-4A12-4C7E-81DA-BC351118EE20}.Debug|Any CPU.Build.0 = Debug|Any CPU
		{5A468A06-4A12-4C7E-81DA-BC351118EE20}.Release|Any CPU.ActiveCfg = Release|Any CPU
		{5A468A06-4A12-4C7E-81DA-BC351118EE20}.Release|Any CPU.Build.0 = Release|Any CPU
		{36F80194-E817-464E-AAF9-6847EDBF3956}.Debug|Any CPU.ActiveCfg = Debug|Any CPU
		{36F80194-E817-464E-AAF9-6847EDBF3956}.Debug|Any CPU.Build.0 = Debug|Any CPU
		{36F80194-E817-464E-AAF9-6847EDBF3956}.Release|Any CPU.ActiveCfg = Release|Any CPU
		{36F80194-E817-464E-AAF9-6847EDBF3956}.Release|Any CPU.Build.0 = Release|Any CPU
		{1E1CCD8F-5C3D-4FB8-BE2E-9A2B0FFA25E7}.Debug|Any CPU.ActiveCfg = Debug|Any CPU
		{1E1CCD8F-5C3D-4FB8-BE2E-9A2B0FFA25E7}.Debug|Any CPU.Build.0 = Debug|Any CPU
		{1E1CCD8F-5C3D-4FB8-BE2E-9A2B0FFA25E7}.Release|Any CPU.ActiveCfg = Release|Any CPU
		{1E1CCD8F-5C3D-4FB8-BE2E-9A2B0FFA25E7}.Release|Any CPU.Build.0 = Release|Any CPU
	EndGlobalSection
	GlobalSection(SolutionProperties) = preSolution
		HideSolutionNode = FALSE
	EndGlobalSection
EndGlobal
