
Microsoft Visual Studio Solution File, Format Version 12.00
# Visual Studio 2013
VisualStudioVersion = 12.0.21005.1
MinimumVisualStudioVersion = 10.0.40219.1
Project("{FAE04EC0-301F-11D3-BF4B-00C04F79EFBC}") = "Instruction-Set", "Instruction-Set\Instruction-Set.csproj", "{5D153223-173C-4ED5-91CD-487720E50BED}"
EndProject
Project("{FAE04EC0-301F-11D3-BF4B-00C04F79EFBC}") = "Be-Positive", "Be-Positive\Be-Positive.csproj", "{C3298B1B-7181-4033-B898-4C1706A7FD2E}"
EndProject
Project("{FAE04EC0-301F-11D3-BF4B-00C04F79EFBC}") = "Sequence-Of-Commands", "Sequence-Of-Commands\Sequence-Of-Commands.csproj", "{81EF9062-F6F5-4336-9488-975F40E858EC}"
EndProject
Project("{FAE04EC0-301F-11D3-BF4B-00C04F79EFBC}") = "Substring", "Substring\Substring.csproj", "{472D8666-C7D7-44B7-8BEE-EF60DA851653}"
EndProject
Global
	GlobalSection(SolutionConfigurationPlatforms) = preSolution
		Debug|Any CPU = Debug|Any CPU
		Release|Any CPU = Release|Any CPU
	EndGlobalSection
	GlobalSection(ProjectConfigurationPlatforms) = postSolution
		{5D153223-173C-4ED5-91CD-487720E50BED}.Debug|Any CPU.ActiveCfg = Debug|Any CPU
		{5D153223-173C-4ED5-91CD-487720E50BED}.Debug|Any CPU.Build.0 = Debug|Any CPU
		{5D153223-173C-4ED5-91CD-487720E50BED}.Release|Any CPU.ActiveCfg = Release|Any CPU
		{5D153223-173C-4ED5-91CD-487720E50BED}.Release|Any CPU.Build.0 = Release|Any CPU
		{C3298B1B-7181-4033-B898-4C1706A7FD2E}.Debug|Any CPU.ActiveCfg = Debug|Any CPU
		{C3298B1B-7181-4033-B898-4C1706A7FD2E}.Debug|Any CPU.Build.0 = Debug|Any CPU
		{C3298B1B-7181-4033-B898-4C1706A7FD2E}.Release|Any CPU.ActiveCfg = Release|Any CPU
		{C3298B1B-7181-4033-B898-4C1706A7FD2E}.Release|Any CPU.Build.0 = Release|Any CPU
		{81EF9062-F6F5-4336-9488-975F40E858EC}.Debug|Any CPU.ActiveCfg = Debug|Any CPU
		{81EF9062-F6F5-4336-9488-975F40E858EC}.Debug|Any CPU.Build.0 = Debug|Any CPU
		{81EF9062-F6F5-4336-9488-975F40E858EC}.Release|Any CPU.ActiveCfg = Release|Any CPU
		{81EF9062-F6F5-4336-9488-975F40E858EC}.Release|Any CPU.Build.0 = Release|Any CPU
		{472D8666-C7D7-44B7-8BEE-EF60DA851653}.Debug|Any CPU.ActiveCfg = Debug|Any CPU
		{472D8666-C7D7-44B7-8BEE-EF60DA851653}.Debug|Any CPU.Build.0 = Debug|Any CPU
		{472D8666-C7D7-44B7-8BEE-EF60DA851653}.Release|Any CPU.ActiveCfg = Release|Any CPU
		{472D8666-C7D7-44B7-8BEE-EF60DA851653}.Release|Any CPU.Build.0 = Release|Any CPU
	EndGlobalSection
	GlobalSection(SolutionProperties) = preSolution
		HideSolutionNode = FALSE
	EndGlobalSection
EndGlobal
