
Microsoft Visual Studio Solution File, Format Version 12.00
# Visual Studio 15
VisualStudioVersion = 15.0.26430.12
MinimumVisualStudioVersion = 10.0.40219.1
Project("{FAE04EC0-301F-11D3-BF4B-00C04F79EFBC}") = "Stream-Reader", "Stream-Reader\Stream-Reader.csproj", "{58D74074-8132-4D07-9128-029C284901DB}"
EndProject
Project("{FAE04EC0-301F-11D3-BF4B-00C04F79EFBC}") = "Stream-Writer", "Stream-Writer\Stream-Writer.csproj", "{66BB1794-F953-4579-B40E-39CF2A3437AE}"
EndProject
Project("{FAE04EC0-301F-11D3-BF4B-00C04F79EFBC}") = "Writing-To-File", "Writing-To-File\Writing-To-File.csproj", "{23E3C66D-FDA2-4448-BD83-347400CEF14C}"
EndProject
Global
	GlobalSection(SolutionConfigurationPlatforms) = preSolution
		Debug|Any CPU = Debug|Any CPU
		Release|Any CPU = Release|Any CPU
	EndGlobalSection
	GlobalSection(ProjectConfigurationPlatforms) = postSolution
		{58D74074-8132-4D07-9128-029C284901DB}.Debug|Any CPU.ActiveCfg = Debug|Any CPU
		{58D74074-8132-4D07-9128-029C284901DB}.Debug|Any CPU.Build.0 = Debug|Any CPU
		{58D74074-8132-4D07-9128-029C284901DB}.Release|Any CPU.ActiveCfg = Release|Any CPU
		{58D74074-8132-4D07-9128-029C284901DB}.Release|Any CPU.Build.0 = Release|Any CPU
		{66BB1794-F953-4579-B40E-39CF2A3437AE}.Debug|Any CPU.ActiveCfg = Debug|Any CPU
		{66BB1794-F953-4579-B40E-39CF2A3437AE}.Debug|Any CPU.Build.0 = Debug|Any CPU
		{66BB1794-F953-4579-B40E-39CF2A3437AE}.Release|Any CPU.ActiveCfg = Release|Any CPU
		{66BB1794-F953-4579-B40E-39CF2A3437AE}.Release|Any CPU.Build.0 = Release|Any CPU
		{23E3C66D-FDA2-4448-BD83-347400CEF14C}.Debug|Any CPU.ActiveCfg = Debug|Any CPU
		{23E3C66D-FDA2-4448-BD83-347400CEF14C}.Debug|Any CPU.Build.0 = Debug|Any CPU
		{23E3C66D-FDA2-4448-BD83-347400CEF14C}.Release|Any CPU.ActiveCfg = Release|Any CPU
		{23E3C66D-FDA2-4448-BD83-347400CEF14C}.Release|Any CPU.Build.0 = Release|Any CPU
	EndGlobalSection
	GlobalSection(SolutionProperties) = preSolution
		HideSolutionNode = FALSE
	EndGlobalSection
EndGlobal
