
Microsoft Visual Studio Solution File, Format Version 12.00
# Visual Studio 15
VisualStudioVersion = 15.0.26430.16
MinimumVisualStudioVersion = 10.0.40219.1
Project("{FAE04EC0-301F-11D3-BF4B-00C04F79EFBC}") = "Multiple-Implementation", "Multiple-Implementation\Multiple-Implementation.csproj", "{550ECB8A-F70B-41D2-BCE6-71EAB44FB0AC}"
EndProject
Project("{FAE04EC0-301F-11D3-BF4B-00C04F79EFBC}") = "Ferrari", "Ferrari\Ferrari.csproj", "{FC91CF05-C824-41F2-B84E-C0BD06D6FEC7}"
EndProject
Project("{FAE04EC0-301F-11D3-BF4B-00C04F79EFBC}") = "Telephony", "Telephony\Telephony.csproj", "{D36266C9-BC05-4813-9E7A-B716D8BD3528}"
EndProject
Project("{FAE04EC0-301F-11D3-BF4B-00C04F79EFBC}") = "Border-Control", "Border-Control\Border-Control.csproj", "{319EB696-BB7A-4898-A688-ACD72C26F332}"
EndProject
Project("{FAE04EC0-301F-11D3-BF4B-00C04F79EFBC}") = "Define-Interface-IPerson", "Define-Interface-IPerson\Define-Interface-IPerson.csproj", "{AEAF2010-DB05-49AA-82AB-65D7CEA2AF0D}"
EndProject
Global
	GlobalSection(SolutionConfigurationPlatforms) = preSolution
		Debug|Any CPU = Debug|Any CPU
		Release|Any CPU = Release|Any CPU
	EndGlobalSection
	GlobalSection(ProjectConfigurationPlatforms) = postSolution
		{550ECB8A-F70B-41D2-BCE6-71EAB44FB0AC}.Debug|Any CPU.ActiveCfg = Debug|Any CPU
		{550ECB8A-F70B-41D2-BCE6-71EAB44FB0AC}.Debug|Any CPU.Build.0 = Debug|Any CPU
		{550ECB8A-F70B-41D2-BCE6-71EAB44FB0AC}.Release|Any CPU.ActiveCfg = Release|Any CPU
		{550ECB8A-F70B-41D2-BCE6-71EAB44FB0AC}.Release|Any CPU.Build.0 = Release|Any CPU
		{FC91CF05-C824-41F2-B84E-C0BD06D6FEC7}.Debug|Any CPU.ActiveCfg = Debug|Any CPU
		{FC91CF05-C824-41F2-B84E-C0BD06D6FEC7}.Debug|Any CPU.Build.0 = Debug|Any CPU
		{FC91CF05-C824-41F2-B84E-C0BD06D6FEC7}.Release|Any CPU.ActiveCfg = Release|Any CPU
		{FC91CF05-C824-41F2-B84E-C0BD06D6FEC7}.Release|Any CPU.Build.0 = Release|Any CPU
		{D36266C9-BC05-4813-9E7A-B716D8BD3528}.Debug|Any CPU.ActiveCfg = Debug|Any CPU
		{D36266C9-BC05-4813-9E7A-B716D8BD3528}.Debug|Any CPU.Build.0 = Debug|Any CPU
		{D36266C9-BC05-4813-9E7A-B716D8BD3528}.Release|Any CPU.ActiveCfg = Release|Any CPU
		{D36266C9-BC05-4813-9E7A-B716D8BD3528}.Release|Any CPU.Build.0 = Release|Any CPU
		{319EB696-BB7A-4898-A688-ACD72C26F332}.Debug|Any CPU.ActiveCfg = Debug|Any CPU
		{319EB696-BB7A-4898-A688-ACD72C26F332}.Debug|Any CPU.Build.0 = Debug|Any CPU
		{319EB696-BB7A-4898-A688-ACD72C26F332}.Release|Any CPU.ActiveCfg = Release|Any CPU
		{319EB696-BB7A-4898-A688-ACD72C26F332}.Release|Any CPU.Build.0 = Release|Any CPU
		{AEAF2010-DB05-49AA-82AB-65D7CEA2AF0D}.Debug|Any CPU.ActiveCfg = Debug|Any CPU
		{AEAF2010-DB05-49AA-82AB-65D7CEA2AF0D}.Debug|Any CPU.Build.0 = Debug|Any CPU
		{AEAF2010-DB05-49AA-82AB-65D7CEA2AF0D}.Release|Any CPU.ActiveCfg = Release|Any CPU
		{AEAF2010-DB05-49AA-82AB-65D7CEA2AF0D}.Release|Any CPU.Build.0 = Release|Any CPU
	EndGlobalSection
	GlobalSection(SolutionProperties) = preSolution
		HideSolutionNode = FALSE
	EndGlobalSection
EndGlobal
