
Microsoft Visual Studio Solution File, Format Version 12.00
# Visual Studio 15
VisualStudioVersion = 15.0.27004.2010
MinimumVisualStudioVersion = 10.0.40219.1
Project("{9A19103F-16F7-4668-BE54-9A1E7A4F7556}") = "Hospital-Database", "Hospital-Database\Hospital-Database.csproj", "{0F279CD9-A037-4398-953A-8B735C9B3661}"
EndProject
Project("{FAE04EC0-301F-11D3-BF4B-00C04F79EFBC}") = "Sales-Database", "Sales-Database\Sales-Database.csproj", "{B09419E3-5A23-4F7C-A426-53DA1C37AB47}"
EndProject
Global
	GlobalSection(SolutionConfigurationPlatforms) = preSolution
		Debug|Any CPU = Debug|Any CPU
		Release|Any CPU = Release|Any CPU
	EndGlobalSection
	GlobalSection(ProjectConfigurationPlatforms) = postSolution
		{0F279CD9-A037-4398-953A-8B735C9B3661}.Debug|Any CPU.ActiveCfg = Debug|Any CPU
		{0F279CD9-A037-4398-953A-8B735C9B3661}.Debug|Any CPU.Build.0 = Debug|Any CPU
		{0F279CD9-A037-4398-953A-8B735C9B3661}.Release|Any CPU.ActiveCfg = Release|Any CPU
		{0F279CD9-A037-4398-953A-8B735C9B3661}.Release|Any CPU.Build.0 = Release|Any CPU
		{B09419E3-5A23-4F7C-A426-53DA1C37AB47}.Debug|Any CPU.ActiveCfg = Debug|Any CPU
		{B09419E3-5A23-4F7C-A426-53DA1C37AB47}.Debug|Any CPU.Build.0 = Debug|Any CPU
		{B09419E3-5A23-4F7C-A426-53DA1C37AB47}.Release|Any CPU.ActiveCfg = Release|Any CPU
		{B09419E3-5A23-4F7C-A426-53DA1C37AB47}.Release|Any CPU.Build.0 = Release|Any CPU
	EndGlobalSection
	GlobalSection(SolutionProperties) = preSolution
		HideSolutionNode = FALSE
	EndGlobalSection
	GlobalSection(ExtensibilityGlobals) = postSolution
		SolutionGuid = {DFD53F4B-4D01-45CB-BCB3-58343693333F}
	EndGlobalSection
EndGlobal
