
Microsoft Visual Studio Solution File, Format Version 12.00
# Visual Studio 15
VisualStudioVersion = 15.0.26430.16
MinimumVisualStudioVersion = 10.0.40219.1
Project("{FAE04EC0-301F-11D3-BF4B-00C04F79EFBC}") = "Weekdays", "Weekdays\Weekdays.csproj", "{E2E3A3AC-30ED-4ABF-AC06-079A3CF8C0FA}"
EndProject
Project("{FAE04EC0-301F-11D3-BF4B-00C04F79EFBC}") = "Coffee-Machine", "Coffee-Machine\Coffee-Machine.csproj", "{54C78153-8CF0-4E68-96C6-49E506EDD6B8}"
EndProject
Project("{FAE04EC0-301F-11D3-BF4B-00C04F79EFBC}") = "Attributes", "Attributes\Attributes.csproj", "{2D0F052A-3FBD-4826-9BA9-CFDC2426FC4E}"
EndProject
Global
	GlobalSection(SolutionConfigurationPlatforms) = preSolution
		Debug|Any CPU = Debug|Any CPU
		Release|Any CPU = Release|Any CPU
	EndGlobalSection
	GlobalSection(ProjectConfigurationPlatforms) = postSolution
		{E2E3A3AC-30ED-4ABF-AC06-079A3CF8C0FA}.Debug|Any CPU.ActiveCfg = Debug|Any CPU
		{E2E3A3AC-30ED-4ABF-AC06-079A3CF8C0FA}.Debug|Any CPU.Build.0 = Debug|Any CPU
		{E2E3A3AC-30ED-4ABF-AC06-079A3CF8C0FA}.Release|Any CPU.ActiveCfg = Release|Any CPU
		{E2E3A3AC-30ED-4ABF-AC06-079A3CF8C0FA}.Release|Any CPU.Build.0 = Release|Any CPU
		{54C78153-8CF0-4E68-96C6-49E506EDD6B8}.Debug|Any CPU.ActiveCfg = Debug|Any CPU
		{54C78153-8CF0-4E68-96C6-49E506EDD6B8}.Debug|Any CPU.Build.0 = Debug|Any CPU
		{54C78153-8CF0-4E68-96C6-49E506EDD6B8}.Release|Any CPU.ActiveCfg = Release|Any CPU
		{54C78153-8CF0-4E68-96C6-49E506EDD6B8}.Release|Any CPU.Build.0 = Release|Any CPU
		{2D0F052A-3FBD-4826-9BA9-CFDC2426FC4E}.Debug|Any CPU.ActiveCfg = Debug|Any CPU
		{2D0F052A-3FBD-4826-9BA9-CFDC2426FC4E}.Debug|Any CPU.Build.0 = Debug|Any CPU
		{2D0F052A-3FBD-4826-9BA9-CFDC2426FC4E}.Release|Any CPU.ActiveCfg = Release|Any CPU
		{2D0F052A-3FBD-4826-9BA9-CFDC2426FC4E}.Release|Any CPU.Build.0 = Release|Any CPU
	EndGlobalSection
	GlobalSection(SolutionProperties) = preSolution
		HideSolutionNode = FALSE
	EndGlobalSection
EndGlobal
