
Microsoft Visual Studio Solution File, Format Version 12.00
# Visual Studio 15
VisualStudioVersion = 15.0.27004.2010
MinimumVisualStudioVersion = 10.0.40219.1
Project("{9A19103F-16F7-4668-BE54-9A1E7A4F7556}") = "Student-System", "Student-System\Student-System.csproj", "{903225B5-66B6-424B-BA7E-FF24B77AD9D9}"
EndProject
Project("{FAE04EC0-301F-11D3-BF4B-00C04F79EFBC}") = "Football-Betting", "Football-Betting\Football-Betting.csproj", "{39A8E5C4-C3F9-4612-84D7-9F3D4B843B61}"
EndProject
Global
	GlobalSection(SolutionConfigurationPlatforms) = preSolution
		Debug|Any CPU = Debug|Any CPU
		Release|Any CPU = Release|Any CPU
	EndGlobalSection
	GlobalSection(ProjectConfigurationPlatforms) = postSolution
		{903225B5-66B6-424B-BA7E-FF24B77AD9D9}.Debug|Any CPU.ActiveCfg = Debug|Any CPU
		{903225B5-66B6-424B-BA7E-FF24B77AD9D9}.Debug|Any CPU.Build.0 = Debug|Any CPU
		{903225B5-66B6-424B-BA7E-FF24B77AD9D9}.Release|Any CPU.ActiveCfg = Release|Any CPU
		{903225B5-66B6-424B-BA7E-FF24B77AD9D9}.Release|Any CPU.Build.0 = Release|Any CPU
		{39A8E5C4-C3F9-4612-84D7-9F3D4B843B61}.Debug|Any CPU.ActiveCfg = Debug|Any CPU
		{39A8E5C4-C3F9-4612-84D7-9F3D4B843B61}.Debug|Any CPU.Build.0 = Debug|Any CPU
		{39A8E5C4-C3F9-4612-84D7-9F3D4B843B61}.Release|Any CPU.ActiveCfg = Release|Any CPU
		{39A8E5C4-C3F9-4612-84D7-9F3D4B843B61}.Release|Any CPU.Build.0 = Release|Any CPU
	EndGlobalSection
	GlobalSection(SolutionProperties) = preSolution
		HideSolutionNode = FALSE
	EndGlobalSection
	GlobalSection(ExtensibilityGlobals) = postSolution
		SolutionGuid = {B341410C-6029-47B1-8AD4-AC3D17F6F92C}
	EndGlobalSection
EndGlobal
