
Microsoft Visual Studio Solution File, Format Version 12.00
# Visual Studio 15
VisualStudioVersion = 15.0.26430.14
MinimumVisualStudioVersion = 10.0.40219.1
Project("{FAE04EC0-301F-11D3-BF4B-00C04F79EFBC}") = "Define-A-Class-Person", "Define-A-Class-Person\Define-A-Class-Person.csproj", "{1A68953D-948F-4BDD-A82F-B74EC5E1825D}"
EndProject
Project("{FAE04EC0-301F-11D3-BF4B-00C04F79EFBC}") = "Creating-Constructors", "Creating-Constructors\Creating-Constructors.csproj", "{F197B77D-621A-42B8-AFAE-C330B71EF2DC}"
EndProject
Project("{FAE04EC0-301F-11D3-BF4B-00C04F79EFBC}") = "Oldest-Family-Member", "Oldest-Family-Member\Oldest-Family-Member.csproj", "{0C20AF88-61CC-46CE-A792-F11D16438399}"
EndProject
Project("{FAE04EC0-301F-11D3-BF4B-00C04F79EFBC}") = "Opinion-Poll", "Opinion-Poll\Opinion-Poll.csproj", "{3C2C41B2-FA91-4EBC-BD30-A4FB0C50B6D3}"
EndProject
Project("{FAE04EC0-301F-11D3-BF4B-00C04F79EFBC}") = "Date-Modifier", "Date-Modifier\Date-Modifier.csproj", "{C10ADA26-A174-4343-A353-5B7D35A6DF81}"
EndProject
Project("{FAE04EC0-301F-11D3-BF4B-00C04F79EFBC}") = "Company-Roster", "Company-Roster\Company-Roster.csproj", "{EE2AE1E3-BE7A-4869-AB8B-E30EE2CE7428}"
EndProject
Project("{FAE04EC0-301F-11D3-BF4B-00C04F79EFBC}") = "Speed-Racing", "Speed-Racing\Speed-Racing.csproj", "{E119DB0F-CF7C-489D-8AAF-D38256A2F16A}"
EndProject
Project("{FAE04EC0-301F-11D3-BF4B-00C04F79EFBC}") = "Raw-Data", "Raw-Data\Raw-Data.csproj", "{56C2FEEB-D416-408C-8FCB-92ECE315DD7E}"
EndProject
Project("{FAE04EC0-301F-11D3-BF4B-00C04F79EFBC}") = "Rectangle-Intersection", "Rectangle-Intersection\Rectangle-Intersection.csproj", "{51D911DD-1A0F-46D6-A12B-3DE0611CF405}"
EndProject
Project("{FAE04EC0-301F-11D3-BF4B-00C04F79EFBC}") = "Car-Salesman", "Car-Salesman\Car-Salesman.csproj", "{415B4338-771E-4080-9FE1-01ED6F75AB51}"
EndProject
Project("{FAE04EC0-301F-11D3-BF4B-00C04F79EFBC}") = "Pokemon-Trainer", "Pokemon-Trainer\Pokemon-Trainer.csproj", "{03DA03A8-F914-4E45-8C5B-D124D5FAE7E5}"
EndProject
Project("{FAE04EC0-301F-11D3-BF4B-00C04F79EFBC}") = "Google", "Google\Google.csproj", "{D789FBA8-EC47-4184-AF67-18DBFDE355CF}"
EndProject
Global
	GlobalSection(SolutionConfigurationPlatforms) = preSolution
		Debug|Any CPU = Debug|Any CPU
		Release|Any CPU = Release|Any CPU
	EndGlobalSection
	GlobalSection(ProjectConfigurationPlatforms) = postSolution
		{1A68953D-948F-4BDD-A82F-B74EC5E1825D}.Debug|Any CPU.ActiveCfg = Debug|Any CPU
		{1A68953D-948F-4BDD-A82F-B74EC5E1825D}.Debug|Any CPU.Build.0 = Debug|Any CPU
		{1A68953D-948F-4BDD-A82F-B74EC5E1825D}.Release|Any CPU.ActiveCfg = Release|Any CPU
		{1A68953D-948F-4BDD-A82F-B74EC5E1825D}.Release|Any CPU.Build.0 = Release|Any CPU
		{F197B77D-621A-42B8-AFAE-C330B71EF2DC}.Debug|Any CPU.ActiveCfg = Debug|Any CPU
		{F197B77D-621A-42B8-AFAE-C330B71EF2DC}.Debug|Any CPU.Build.0 = Debug|Any CPU
		{F197B77D-621A-42B8-AFAE-C330B71EF2DC}.Release|Any CPU.ActiveCfg = Release|Any CPU
		{F197B77D-621A-42B8-AFAE-C330B71EF2DC}.Release|Any CPU.Build.0 = Release|Any CPU
		{0C20AF88-61CC-46CE-A792-F11D16438399}.Debug|Any CPU.ActiveCfg = Debug|Any CPU
		{0C20AF88-61CC-46CE-A792-F11D16438399}.Debug|Any CPU.Build.0 = Debug|Any CPU
		{0C20AF88-61CC-46CE-A792-F11D16438399}.Release|Any CPU.ActiveCfg = Release|Any CPU
		{0C20AF88-61CC-46CE-A792-F11D16438399}.Release|Any CPU.Build.0 = Release|Any CPU
		{3C2C41B2-FA91-4EBC-BD30-A4FB0C50B6D3}.Debug|Any CPU.ActiveCfg = Debug|Any CPU
		{3C2C41B2-FA91-4EBC-BD30-A4FB0C50B6D3}.Debug|Any CPU.Build.0 = Debug|Any CPU
		{3C2C41B2-FA91-4EBC-BD30-A4FB0C50B6D3}.Release|Any CPU.ActiveCfg = Release|Any CPU
		{3C2C41B2-FA91-4EBC-BD30-A4FB0C50B6D3}.Release|Any CPU.Build.0 = Release|Any CPU
		{C10ADA26-A174-4343-A353-5B7D35A6DF81}.Debug|Any CPU.ActiveCfg = Debug|Any CPU
		{C10ADA26-A174-4343-A353-5B7D35A6DF81}.Debug|Any CPU.Build.0 = Debug|Any CPU
		{C10ADA26-A174-4343-A353-5B7D35A6DF81}.Release|Any CPU.ActiveCfg = Release|Any CPU
		{C10ADA26-A174-4343-A353-5B7D35A6DF81}.Release|Any CPU.Build.0 = Release|Any CPU
		{EE2AE1E3-BE7A-4869-AB8B-E30EE2CE7428}.Debug|Any CPU.ActiveCfg = Debug|Any CPU
		{EE2AE1E3-BE7A-4869-AB8B-E30EE2CE7428}.Debug|Any CPU.Build.0 = Debug|Any CPU
		{EE2AE1E3-BE7A-4869-AB8B-E30EE2CE7428}.Release|Any CPU.ActiveCfg = Release|Any CPU
		{EE2AE1E3-BE7A-4869-AB8B-E30EE2CE7428}.Release|Any CPU.Build.0 = Release|Any CPU
		{E119DB0F-CF7C-489D-8AAF-D38256A2F16A}.Debug|Any CPU.ActiveCfg = Debug|Any CPU
		{E119DB0F-CF7C-489D-8AAF-D38256A2F16A}.Debug|Any CPU.Build.0 = Debug|Any CPU
		{E119DB0F-CF7C-489D-8AAF-D38256A2F16A}.Release|Any CPU.ActiveCfg = Release|Any CPU
		{E119DB0F-CF7C-489D-8AAF-D38256A2F16A}.Release|Any CPU.Build.0 = Release|Any CPU
		{56C2FEEB-D416-408C-8FCB-92ECE315DD7E}.Debug|Any CPU.ActiveCfg = Debug|Any CPU
		{56C2FEEB-D416-408C-8FCB-92ECE315DD7E}.Debug|Any CPU.Build.0 = Debug|Any CPU
		{56C2FEEB-D416-408C-8FCB-92ECE315DD7E}.Release|Any CPU.ActiveCfg = Release|Any CPU
		{56C2FEEB-D416-408C-8FCB-92ECE315DD7E}.Release|Any CPU.Build.0 = Release|Any CPU
		{51D911DD-1A0F-46D6-A12B-3DE0611CF405}.Debug|Any CPU.ActiveCfg = Debug|Any CPU
		{51D911DD-1A0F-46D6-A12B-3DE0611CF405}.Debug|Any CPU.Build.0 = Debug|Any CPU
		{51D911DD-1A0F-46D6-A12B-3DE0611CF405}.Release|Any CPU.ActiveCfg = Release|Any CPU
		{51D911DD-1A0F-46D6-A12B-3DE0611CF405}.Release|Any CPU.Build.0 = Release|Any CPU
		{415B4338-771E-4080-9FE1-01ED6F75AB51}.Debug|Any CPU.ActiveCfg = Debug|Any CPU
		{415B4338-771E-4080-9FE1-01ED6F75AB51}.Debug|Any CPU.Build.0 = Debug|Any CPU
		{415B4338-771E-4080-9FE1-01ED6F75AB51}.Release|Any CPU.ActiveCfg = Release|Any CPU
		{415B4338-771E-4080-9FE1-01ED6F75AB51}.Release|Any CPU.Build.0 = Release|Any CPU
		{03DA03A8-F914-4E45-8C5B-D124D5FAE7E5}.Debug|Any CPU.ActiveCfg = Debug|Any CPU
		{03DA03A8-F914-4E45-8C5B-D124D5FAE7E5}.Debug|Any CPU.Build.0 = Debug|Any CPU
		{03DA03A8-F914-4E45-8C5B-D124D5FAE7E5}.Release|Any CPU.ActiveCfg = Release|Any CPU
		{03DA03A8-F914-4E45-8C5B-D124D5FAE7E5}.Release|Any CPU.Build.0 = Release|Any CPU
		{D789FBA8-EC47-4184-AF67-18DBFDE355CF}.Debug|Any CPU.ActiveCfg = Debug|Any CPU
		{D789FBA8-EC47-4184-AF67-18DBFDE355CF}.Debug|Any CPU.Build.0 = Debug|Any CPU
		{D789FBA8-EC47-4184-AF67-18DBFDE355CF}.Release|Any CPU.ActiveCfg = Release|Any CPU
		{D789FBA8-EC47-4184-AF67-18DBFDE355CF}.Release|Any CPU.Build.0 = Release|Any CPU
	EndGlobalSection
	GlobalSection(SolutionProperties) = preSolution
		HideSolutionNode = FALSE
	EndGlobalSection
EndGlobal
