
Microsoft Visual Studio Solution File, Format Version 12.00
# Visual Studio 15
VisualStudioVersion = 15.0.26430.16
MinimumVisualStudioVersion = 10.0.40219.1
Project("{FAE04EC0-301F-11D3-BF4B-00C04F79EFBC}") = "Generic-Box-Of-String", "Generic-Box-Of-String\Generic-Box-Of-String.csproj", "{C61E0106-BA20-4C9F-BB93-21D395470952}"
EndProject
Project("{FAE04EC0-301F-11D3-BF4B-00C04F79EFBC}") = "Generic-Box-Of-Integer", "Generic-Box-Of-Integer\Generic-Box-Of-Integer.csproj", "{3A09ADDE-F5CB-4C68-A3BC-940CDCE325B1}"
EndProject
Project("{FAE04EC0-301F-11D3-BF4B-00C04F79EFBC}") = "Generic-Swap-Method-String", "Generic-Swap-Method-String\Generic-Swap-Method-String.csproj", "{FD05932C-7A7C-452B-BAD7-C95008DD1240}"
EndProject
Project("{FAE04EC0-301F-11D3-BF4B-00C04F79EFBC}") = "Generic-Swap-Method-lnteger", "Generic-Swap-Method-lnteger\Generic-Swap-Method-lnteger.csproj", "{AA997857-4551-4FD5-B14B-AB9A67526C15}"
EndProject
Project("{FAE04EC0-301F-11D3-BF4B-00C04F79EFBC}") = "Generic-Count-Method-String", "Generic-Count-Method-String\Generic-Count-Method-String.csproj", "{9F785939-9C53-4371-AF08-112A6C01A51F}"
EndProject
Project("{FAE04EC0-301F-11D3-BF4B-00C04F79EFBC}") = "Generic-Count-Method-Double", "Generic-Count-Method-Double\Generic-Count-Method-Double.csproj", "{A11BE2E0-9218-42E9-A117-A8F2EB340DA5}"
EndProject
Project("{FAE04EC0-301F-11D3-BF4B-00C04F79EFBC}") = "Custom-List", "Custom-List\Custom-List.csproj", "{E994A151-07CD-4E1B-83E7-A615C7680328}"
EndProject
Global
	GlobalSection(SolutionConfigurationPlatforms) = preSolution
		Debug|Any CPU = Debug|Any CPU
		Release|Any CPU = Release|Any CPU
	EndGlobalSection
	GlobalSection(ProjectConfigurationPlatforms) = postSolution
		{C61E0106-BA20-4C9F-BB93-21D395470952}.Debug|Any CPU.ActiveCfg = Debug|Any CPU
		{C61E0106-BA20-4C9F-BB93-21D395470952}.Debug|Any CPU.Build.0 = Debug|Any CPU
		{C61E0106-BA20-4C9F-BB93-21D395470952}.Release|Any CPU.ActiveCfg = Release|Any CPU
		{C61E0106-BA20-4C9F-BB93-21D395470952}.Release|Any CPU.Build.0 = Release|Any CPU
		{3A09ADDE-F5CB-4C68-A3BC-940CDCE325B1}.Debug|Any CPU.ActiveCfg = Debug|Any CPU
		{3A09ADDE-F5CB-4C68-A3BC-940CDCE325B1}.Debug|Any CPU.Build.0 = Debug|Any CPU
		{3A09ADDE-F5CB-4C68-A3BC-940CDCE325B1}.Release|Any CPU.ActiveCfg = Release|Any CPU
		{3A09ADDE-F5CB-4C68-A3BC-940CDCE325B1}.Release|Any CPU.Build.0 = Release|Any CPU
		{FD05932C-7A7C-452B-BAD7-C95008DD1240}.Debug|Any CPU.ActiveCfg = Debug|Any CPU
		{FD05932C-7A7C-452B-BAD7-C95008DD1240}.Debug|Any CPU.Build.0 = Debug|Any CPU
		{FD05932C-7A7C-452B-BAD7-C95008DD1240}.Release|Any CPU.ActiveCfg = Release|Any CPU
		{FD05932C-7A7C-452B-BAD7-C95008DD1240}.Release|Any CPU.Build.0 = Release|Any CPU
		{AA997857-4551-4FD5-B14B-AB9A67526C15}.Debug|Any CPU.ActiveCfg = Debug|Any CPU
		{AA997857-4551-4FD5-B14B-AB9A67526C15}.Debug|Any CPU.Build.0 = Debug|Any CPU
		{AA997857-4551-4FD5-B14B-AB9A67526C15}.Release|Any CPU.ActiveCfg = Release|Any CPU
		{AA997857-4551-4FD5-B14B-AB9A67526C15}.Release|Any CPU.Build.0 = Release|Any CPU
		{9F785939-9C53-4371-AF08-112A6C01A51F}.Debug|Any CPU.ActiveCfg = Debug|Any CPU
		{9F785939-9C53-4371-AF08-112A6C01A51F}.Debug|Any CPU.Build.0 = Debug|Any CPU
		{9F785939-9C53-4371-AF08-112A6C01A51F}.Release|Any CPU.ActiveCfg = Release|Any CPU
		{9F785939-9C53-4371-AF08-112A6C01A51F}.Release|Any CPU.Build.0 = Release|Any CPU
		{A11BE2E0-9218-42E9-A117-A8F2EB340DA5}.Debug|Any CPU.ActiveCfg = Debug|Any CPU
		{A11BE2E0-9218-42E9-A117-A8F2EB340DA5}.Debug|Any CPU.Build.0 = Debug|Any CPU
		{A11BE2E0-9218-42E9-A117-A8F2EB340DA5}.Release|Any CPU.ActiveCfg = Release|Any CPU
		{A11BE2E0-9218-42E9-A117-A8F2EB340DA5}.Release|Any CPU.Build.0 = Release|Any CPU
		{E994A151-07CD-4E1B-83E7-A615C7680328}.Debug|Any CPU.ActiveCfg = Debug|Any CPU
		{E994A151-07CD-4E1B-83E7-A615C7680328}.Debug|Any CPU.Build.0 = Debug|Any CPU
		{E994A151-07CD-4E1B-83E7-A615C7680328}.Release|Any CPU.ActiveCfg = Release|Any CPU
		{E994A151-07CD-4E1B-83E7-A615C7680328}.Release|Any CPU.Build.0 = Release|Any CPU
	EndGlobalSection
	GlobalSection(SolutionProperties) = preSolution
		HideSolutionNode = FALSE
	EndGlobalSection
EndGlobal
