
Microsoft Visual Studio Solution File, Format Version 12.00
# Visual Studio 2013
VisualStudioVersion = 12.0.21005.1
MinimumVisualStudioVersion = 10.0.40219.1
Project("{FAE04EC0-301F-11D3-BF4B-00C04F79EFBC}") = "Practice-Integer-Numbers", "Practice-Integer-Numbers\Practice-Integer-Numbers.csproj", "{A05FF84E-88D6-4E8D-8EEC-2B372E6B8F36}"
EndProject
Project("{FAE04EC0-301F-11D3-BF4B-00C04F79EFBC}") = "Practice-Floating-Point-Numbers", "Practice-Floating-Point-Numbers\Practice-Floating-Point-Numbers.csproj", "{2881AD7E-45D5-47CB-AABB-4AC0C5EA94B7}"
EndProject
Project("{FAE04EC0-301F-11D3-BF4B-00C04F79EFBC}") = "Practice-Characters-And-Strings", "Practice-Characters-And-Strings\Practice-Characters-And-Strings.csproj", "{527CDCB5-C29D-43CF-87DE-C0F6D66CD63D}"
EndProject
Project("{FAE04EC0-301F-11D3-BF4B-00C04F79EFBC}") = "Variable-In-Hexadecimal-Format", "Variable-In-Hexadecimal-Format\Variable-In-Hexadecimal-Format.csproj", "{AB842B93-59D5-4AF5-9A4C-C1673B2EF924}"
EndProject
Project("{FAE04EC0-301F-11D3-BF4B-00C04F79EFBC}") = "Boolean-Variable", "Boolean-Variable\Boolean-Variable.csproj", "{682E9A57-29B3-46C6-8FA8-CBE82A5E9349}"
EndProject
Project("{FAE04EC0-301F-11D3-BF4B-00C04F79EFBC}") = "Strings-And-Objects", "Strings-And-Objects\Strings-And-Objects.csproj", "{0FE43896-15F0-4992-943A-616BFFC60AC4}"
EndProject
Project("{FAE04EC0-301F-11D3-BF4B-00C04F79EFBC}") = "Exchange-Variable-Values", "Exchange-Variable-Values\Exchange-Variable-Values.csproj", "{33727726-B98B-47A9-88E4-80FDBF9597F6}"
EndProject
Project("{FAE04EC0-301F-11D3-BF4B-00C04F79EFBC}") = "Employee-Data", "Employee-Data\Employee-Data.csproj", "{B5B1E9AB-760F-4041-A8C7-55178598A171}"
EndProject
Project("{FAE04EC0-301F-11D3-BF4B-00C04F79EFBC}") = "Reverse-Characters", "Reverse-Characters\Reverse-Characters.csproj", "{2E61F157-80CC-4880-9841-A520F0DC78BA}"
EndProject
Project("{FAE04EC0-301F-11D3-BF4B-00C04F79EFBC}") = "Centuries-To-Nanoseconds", "Centuries-To-Nanoseconds\Centuries-To-Nanoseconds.csproj", "{387EFAB3-9A37-411E-9AD3-716FFAC5E611}"
EndProject
Project("{FAE04EC0-301F-11D3-BF4B-00C04F79EFBC}") = "Convert-Speed-Units", "Convert-Speed-Units\Convert-Speed-Units.csproj", "{CBD0DF88-DC4E-4EB6-BAE8-ED3DBEAF11B7}"
EndProject
Project("{FAE04EC0-301F-11D3-BF4B-00C04F79EFBC}") = "Rectangle-Properties", "Rectangle-Properties\Rectangle-Properties.csproj", "{7CA0A6EB-2DCA-4732-B555-989E6329487F}"
EndProject
Project("{FAE04EC0-301F-11D3-BF4B-00C04F79EFBC}") = "Vowel-Or-Digit", "Vowel-Or-Digit\Vowel-Or-Digit.csproj", "{0E08EE5F-4D51-4133-9A13-A6B9D221D706}"
EndProject
Project("{FAE04EC0-301F-11D3-BF4B-00C04F79EFBC}") = "Integer-To-Hex-And-Binary", "Integer-To-Hex-And-Binary\Integer-To-Hex-And-Binary.csproj", "{19571E2B-45E7-4E6E-8591-103EC47DCAE8}"
EndProject
Project("{FAE04EC0-301F-11D3-BF4B-00C04F79EFBC}") = "Comparing-Floats", "Comparing-Floats\Comparing-Floats.csproj", "{899D3112-D577-43D9-BD48-50EC1382A626}"
EndProject
Project("{FAE04EC0-301F-11D3-BF4B-00C04F79EFBC}") = "Print-Part-Of-Ascii", "Print-Part-Of-Ascii\Print-Part-Of-Ascii.csproj", "{8E867B77-E9FB-4A63-9C10-785CA4C525BB}"
EndProject
Project("{FAE04EC0-301F-11D3-BF4B-00C04F79EFBC}") = "Different-Integers-Sizes", "Different-Integers-Sizes\Different-Integers-Sizes.csproj", "{AF5A926C-5C4F-42BA-B573-CA1658D6DAD3}"
EndProject
Project("{FAE04EC0-301F-11D3-BF4B-00C04F79EFBC}") = "Hello-Name", "Hello-Name\Hello-Name.csproj", "{7AF17BD7-E1F9-442B-ACA2-F6D53A01A1D3}"
EndProject
Global
	GlobalSection(SolutionConfigurationPlatforms) = preSolution
		Debug|Any CPU = Debug|Any CPU
		Release|Any CPU = Release|Any CPU
	EndGlobalSection
	GlobalSection(ProjectConfigurationPlatforms) = postSolution
		{A05FF84E-88D6-4E8D-8EEC-2B372E6B8F36}.Debug|Any CPU.ActiveCfg = Debug|Any CPU
		{A05FF84E-88D6-4E8D-8EEC-2B372E6B8F36}.Debug|Any CPU.Build.0 = Debug|Any CPU
		{A05FF84E-88D6-4E8D-8EEC-2B372E6B8F36}.Release|Any CPU.ActiveCfg = Release|Any CPU
		{A05FF84E-88D6-4E8D-8EEC-2B372E6B8F36}.Release|Any CPU.Build.0 = Release|Any CPU
		{2881AD7E-45D5-47CB-AABB-4AC0C5EA94B7}.Debug|Any CPU.ActiveCfg = Debug|Any CPU
		{2881AD7E-45D5-47CB-AABB-4AC0C5EA94B7}.Debug|Any CPU.Build.0 = Debug|Any CPU
		{2881AD7E-45D5-47CB-AABB-4AC0C5EA94B7}.Release|Any CPU.ActiveCfg = Release|Any CPU
		{2881AD7E-45D5-47CB-AABB-4AC0C5EA94B7}.Release|Any CPU.Build.0 = Release|Any CPU
		{527CDCB5-C29D-43CF-87DE-C0F6D66CD63D}.Debug|Any CPU.ActiveCfg = Debug|Any CPU
		{527CDCB5-C29D-43CF-87DE-C0F6D66CD63D}.Debug|Any CPU.Build.0 = Debug|Any CPU
		{527CDCB5-C29D-43CF-87DE-C0F6D66CD63D}.Release|Any CPU.ActiveCfg = Release|Any CPU
		{527CDCB5-C29D-43CF-87DE-C0F6D66CD63D}.Release|Any CPU.Build.0 = Release|Any CPU
		{AB842B93-59D5-4AF5-9A4C-C1673B2EF924}.Debug|Any CPU.ActiveCfg = Debug|Any CPU
		{AB842B93-59D5-4AF5-9A4C-C1673B2EF924}.Debug|Any CPU.Build.0 = Debug|Any CPU
		{AB842B93-59D5-4AF5-9A4C-C1673B2EF924}.Release|Any CPU.ActiveCfg = Release|Any CPU
		{AB842B93-59D5-4AF5-9A4C-C1673B2EF924}.Release|Any CPU.Build.0 = Release|Any CPU
		{682E9A57-29B3-46C6-8FA8-CBE82A5E9349}.Debug|Any CPU.ActiveCfg = Debug|Any CPU
		{682E9A57-29B3-46C6-8FA8-CBE82A5E9349}.Debug|Any CPU.Build.0 = Debug|Any CPU
		{682E9A57-29B3-46C6-8FA8-CBE82A5E9349}.Release|Any CPU.ActiveCfg = Release|Any CPU
		{682E9A57-29B3-46C6-8FA8-CBE82A5E9349}.Release|Any CPU.Build.0 = Release|Any CPU
		{0FE43896-15F0-4992-943A-616BFFC60AC4}.Debug|Any CPU.ActiveCfg = Debug|Any CPU
		{0FE43896-15F0-4992-943A-616BFFC60AC4}.Debug|Any CPU.Build.0 = Debug|Any CPU
		{0FE43896-15F0-4992-943A-616BFFC60AC4}.Release|Any CPU.ActiveCfg = Release|Any CPU
		{0FE43896-15F0-4992-943A-616BFFC60AC4}.Release|Any CPU.Build.0 = Release|Any CPU
		{33727726-B98B-47A9-88E4-80FDBF9597F6}.Debug|Any CPU.ActiveCfg = Debug|Any CPU
		{33727726-B98B-47A9-88E4-80FDBF9597F6}.Debug|Any CPU.Build.0 = Debug|Any CPU
		{33727726-B98B-47A9-88E4-80FDBF9597F6}.Release|Any CPU.ActiveCfg = Release|Any CPU
		{33727726-B98B-47A9-88E4-80FDBF9597F6}.Release|Any CPU.Build.0 = Release|Any CPU
		{B5B1E9AB-760F-4041-A8C7-55178598A171}.Debug|Any CPU.ActiveCfg = Debug|Any CPU
		{B5B1E9AB-760F-4041-A8C7-55178598A171}.Debug|Any CPU.Build.0 = Debug|Any CPU
		{B5B1E9AB-760F-4041-A8C7-55178598A171}.Release|Any CPU.ActiveCfg = Release|Any CPU
		{B5B1E9AB-760F-4041-A8C7-55178598A171}.Release|Any CPU.Build.0 = Release|Any CPU
		{2E61F157-80CC-4880-9841-A520F0DC78BA}.Debug|Any CPU.ActiveCfg = Debug|Any CPU
		{2E61F157-80CC-4880-9841-A520F0DC78BA}.Debug|Any CPU.Build.0 = Debug|Any CPU
		{2E61F157-80CC-4880-9841-A520F0DC78BA}.Release|Any CPU.ActiveCfg = Release|Any CPU
		{2E61F157-80CC-4880-9841-A520F0DC78BA}.Release|Any CPU.Build.0 = Release|Any CPU
		{387EFAB3-9A37-411E-9AD3-716FFAC5E611}.Debug|Any CPU.ActiveCfg = Debug|Any CPU
		{387EFAB3-9A37-411E-9AD3-716FFAC5E611}.Debug|Any CPU.Build.0 = Debug|Any CPU
		{387EFAB3-9A37-411E-9AD3-716FFAC5E611}.Release|Any CPU.ActiveCfg = Release|Any CPU
		{387EFAB3-9A37-411E-9AD3-716FFAC5E611}.Release|Any CPU.Build.0 = Release|Any CPU
		{CBD0DF88-DC4E-4EB6-BAE8-ED3DBEAF11B7}.Debug|Any CPU.ActiveCfg = Debug|Any CPU
		{CBD0DF88-DC4E-4EB6-BAE8-ED3DBEAF11B7}.Debug|Any CPU.Build.0 = Debug|Any CPU
		{CBD0DF88-DC4E-4EB6-BAE8-ED3DBEAF11B7}.Release|Any CPU.ActiveCfg = Release|Any CPU
		{CBD0DF88-DC4E-4EB6-BAE8-ED3DBEAF11B7}.Release|Any CPU.Build.0 = Release|Any CPU
		{7CA0A6EB-2DCA-4732-B555-989E6329487F}.Debug|Any CPU.ActiveCfg = Debug|Any CPU
		{7CA0A6EB-2DCA-4732-B555-989E6329487F}.Debug|Any CPU.Build.0 = Debug|Any CPU
		{7CA0A6EB-2DCA-4732-B555-989E6329487F}.Release|Any CPU.ActiveCfg = Release|Any CPU
		{7CA0A6EB-2DCA-4732-B555-989E6329487F}.Release|Any CPU.Build.0 = Release|Any CPU
		{0E08EE5F-4D51-4133-9A13-A6B9D221D706}.Debug|Any CPU.ActiveCfg = Debug|Any CPU
		{0E08EE5F-4D51-4133-9A13-A6B9D221D706}.Debug|Any CPU.Build.0 = Debug|Any CPU
		{0E08EE5F-4D51-4133-9A13-A6B9D221D706}.Release|Any CPU.ActiveCfg = Release|Any CPU
		{0E08EE5F-4D51-4133-9A13-A6B9D221D706}.Release|Any CPU.Build.0 = Release|Any CPU
		{19571E2B-45E7-4E6E-8591-103EC47DCAE8}.Debug|Any CPU.ActiveCfg = Debug|Any CPU
		{19571E2B-45E7-4E6E-8591-103EC47DCAE8}.Debug|Any CPU.Build.0 = Debug|Any CPU
		{19571E2B-45E7-4E6E-8591-103EC47DCAE8}.Release|Any CPU.ActiveCfg = Release|Any CPU
		{19571E2B-45E7-4E6E-8591-103EC47DCAE8}.Release|Any CPU.Build.0 = Release|Any CPU
		{899D3112-D577-43D9-BD48-50EC1382A626}.Debug|Any CPU.ActiveCfg = Debug|Any CPU
		{899D3112-D577-43D9-BD48-50EC1382A626}.Debug|Any CPU.Build.0 = Debug|Any CPU
		{899D3112-D577-43D9-BD48-50EC1382A626}.Release|Any CPU.ActiveCfg = Release|Any CPU
		{899D3112-D577-43D9-BD48-50EC1382A626}.Release|Any CPU.Build.0 = Release|Any CPU
		{8E867B77-E9FB-4A63-9C10-785CA4C525BB}.Debug|Any CPU.ActiveCfg = Debug|Any CPU
		{8E867B77-E9FB-4A63-9C10-785CA4C525BB}.Debug|Any CPU.Build.0 = Debug|Any CPU
		{8E867B77-E9FB-4A63-9C10-785CA4C525BB}.Release|Any CPU.ActiveCfg = Release|Any CPU
		{8E867B77-E9FB-4A63-9C10-785CA4C525BB}.Release|Any CPU.Build.0 = Release|Any CPU
		{AF5A926C-5C4F-42BA-B573-CA1658D6DAD3}.Debug|Any CPU.ActiveCfg = Debug|Any CPU
		{AF5A926C-5C4F-42BA-B573-CA1658D6DAD3}.Debug|Any CPU.Build.0 = Debug|Any CPU
		{AF5A926C-5C4F-42BA-B573-CA1658D6DAD3}.Release|Any CPU.ActiveCfg = Release|Any CPU
		{AF5A926C-5C4F-42BA-B573-CA1658D6DAD3}.Release|Any CPU.Build.0 = Release|Any CPU
		{7AF17BD7-E1F9-442B-ACA2-F6D53A01A1D3}.Debug|Any CPU.ActiveCfg = Debug|Any CPU
		{7AF17BD7-E1F9-442B-ACA2-F6D53A01A1D3}.Debug|Any CPU.Build.0 = Debug|Any CPU
		{7AF17BD7-E1F9-442B-ACA2-F6D53A01A1D3}.Release|Any CPU.ActiveCfg = Release|Any CPU
		{7AF17BD7-E1F9-442B-ACA2-F6D53A01A1D3}.Release|Any CPU.Build.0 = Release|Any CPU
	EndGlobalSection
	GlobalSection(SolutionProperties) = preSolution
		HideSolutionNode = FALSE
	EndGlobalSection
EndGlobal
