
Microsoft Visual Studio Solution File, Format Version 12.00
# Visual Studio 2013
VisualStudioVersion = 12.0.21005.1
MinimumVisualStudioVersion = 10.0.40219.1
Project("{FAE04EC0-301F-11D3-BF4B-00C04F79EFBC}") = "Practice-Integer-Numbers", "Practice-Integer-Numbers\Practice-Integer-Numbers.csproj", "{A05FF84E-88D6-4E8D-8EEC-2B372E6B8F36}"
EndProject
Project("{FAE04EC0-301F-11D3-BF4B-00C04F79EFBC}") = "Practice-Floating-Point-Numbers", "Practice-Floating-Point-Numbers\Practice-Floating-Point-Numbers.csproj", "{2881AD7E-45D5-47CB-AABB-4AC0C5EA94B7}"
EndProject
Project("{FAE04EC0-301F-11D3-BF4B-00C04F79EFBC}") = "Practice-Characters-And-Strings", "Practice-Characters-And-Strings\Practice-Characters-And-Strings.csproj", "{527CDCB5-C29D-43CF-87DE-C0F6D66CD63D}"
EndProject
Project("{FAE04EC0-301F-11D3-BF4B-00C04F79EFBC}") = "Variable-In-Hexadecimal-Format", "Variable-In-Hexadecimal-Format\Variable-In-Hexadecimal-Format.csproj", "{AB842B93-59D5-4AF5-9A4C-C1673B2EF924}"
EndProject
Project("{FAE04EC0-301F-11D3-BF4B-00C04F79EFBC}") = "Boolean-Variable", "Boolean-Variable\Boolean-Variable.csproj", "{682E9A57-29B3-46C6-8FA8-CBE82A5E9349}"
EndProject
Project("{FAE04EC0-301F-11D3-BF4B-00C04F79EFBC}") = "Strings-And-Objects", "Strings-And-Objects\Strings-And-Objects.csproj", "{0FE43896-15F0-4992-943A-616BFFC60AC4}"
EndProject
Project("{FAE04EC0-301F-11D3-BF4B-00C04F79EFBC}") = "Exchange-Variable-Values", "Exchange-Variable-Values\Exchange-Variable-Values.csproj", "{33727726-B98B-47A9-88E4-80FDBF9597F6}"
EndProject
Project("{FAE04EC0-301F-11D3-BF4B-00C04F79EFBC}") = "Employee-Data", "Employee-Data\Employee-Data.csproj", "{B5B1E9AB-760F-4041-A8C7-55178598A171}"
EndProject
Project("{FAE04EC0-301F-11D3-BF4B-00C04F79EFBC}") = "Reverse-Characters", "Reverse-Characters\Reverse-Characters.csproj", "{2E61F157-80CC-4880-9841-A520F0DC78BA}"
EndProject
Global
	GlobalSection(SolutionConfigurationPlatforms) = preSolution
		Debug|Any CPU = Debug|Any CPU
		Release|Any CPU = Release|Any CPU
	EndGlobalSection
	GlobalSection(ProjectConfigurationPlatforms) = postSolution
		{A05FF84E-88D6-4E8D-8EEC-2B372E6B8F36}.Debug|Any CPU.ActiveCfg = Debug|Any CPU
		{A05FF84E-88D6-4E8D-8EEC-2B372E6B8F36}.Debug|Any CPU.Build.0 = Debug|Any CPU
		{A05FF84E-88D6-4E8D-8EEC-2B372E6B8F36}.Release|Any CPU.ActiveCfg = Release|Any CPU
		{A05FF84E-88D6-4E8D-8EEC-2B372E6B8F36}.Release|Any CPU.Build.0 = Release|Any CPU
		{2881AD7E-45D5-47CB-AABB-4AC0C5EA94B7}.Debug|Any CPU.ActiveCfg = Debug|Any CPU
		{2881AD7E-45D5-47CB-AABB-4AC0C5EA94B7}.Debug|Any CPU.Build.0 = Debug|Any CPU
		{2881AD7E-45D5-47CB-AABB-4AC0C5EA94B7}.Release|Any CPU.ActiveCfg = Release|Any CPU
		{2881AD7E-45D5-47CB-AABB-4AC0C5EA94B7}.Release|Any CPU.Build.0 = Release|Any CPU
		{527CDCB5-C29D-43CF-87DE-C0F6D66CD63D}.Debug|Any CPU.ActiveCfg = Debug|Any CPU
		{527CDCB5-C29D-43CF-87DE-C0F6D66CD63D}.Debug|Any CPU.Build.0 = Debug|Any CPU
		{527CDCB5-C29D-43CF-87DE-C0F6D66CD63D}.Release|Any CPU.ActiveCfg = Release|Any CPU
		{527CDCB5-C29D-43CF-87DE-C0F6D66CD63D}.Release|Any CPU.Build.0 = Release|Any CPU
		{AB842B93-59D5-4AF5-9A4C-C1673B2EF924}.Debug|Any CPU.ActiveCfg = Debug|Any CPU
		{AB842B93-59D5-4AF5-9A4C-C1673B2EF924}.Debug|Any CPU.Build.0 = Debug|Any CPU
		{AB842B93-59D5-4AF5-9A4C-C1673B2EF924}.Release|Any CPU.ActiveCfg = Release|Any CPU
		{AB842B93-59D5-4AF5-9A4C-C1673B2EF924}.Release|Any CPU.Build.0 = Release|Any CPU
		{682E9A57-29B3-46C6-8FA8-CBE82A5E9349}.Debug|Any CPU.ActiveCfg = Debug|Any CPU
		{682E9A57-29B3-46C6-8FA8-CBE82A5E9349}.Debug|Any CPU.Build.0 = Debug|Any CPU
		{682E9A57-29B3-46C6-8FA8-CBE82A5E9349}.Release|Any CPU.ActiveCfg = Release|Any CPU
		{682E9A57-29B3-46C6-8FA8-CBE82A5E9349}.Release|Any CPU.Build.0 = Release|Any CPU
		{0FE43896-15F0-4992-943A-616BFFC60AC4}.Debug|Any CPU.ActiveCfg = Debug|Any CPU
		{0FE43896-15F0-4992-943A-616BFFC60AC4}.Debug|Any CPU.Build.0 = Debug|Any CPU
		{0FE43896-15F0-4992-943A-616BFFC60AC4}.Release|Any CPU.ActiveCfg = Release|Any CPU
		{0FE43896-15F0-4992-943A-616BFFC60AC4}.Release|Any CPU.Build.0 = Release|Any CPU
		{33727726-B98B-47A9-88E4-80FDBF9597F6}.Debug|Any CPU.ActiveCfg = Debug|Any CPU
		{33727726-B98B-47A9-88E4-80FDBF9597F6}.Debug|Any CPU.Build.0 = Debug|Any CPU
		{33727726-B98B-47A9-88E4-80FDBF9597F6}.Release|Any CPU.ActiveCfg = Release|Any CPU
		{33727726-B98B-47A9-88E4-80FDBF9597F6}.Release|Any CPU.Build.0 = Release|Any CPU
		{B5B1E9AB-760F-4041-A8C7-55178598A171}.Debug|Any CPU.ActiveCfg = Debug|Any CPU
		{B5B1E9AB-760F-4041-A8C7-55178598A171}.Debug|Any CPU.Build.0 = Debug|Any CPU
		{B5B1E9AB-760F-4041-A8C7-55178598A171}.Release|Any CPU.ActiveCfg = Release|Any CPU
		{B5B1E9AB-760F-4041-A8C7-55178598A171}.Release|Any CPU.Build.0 = Release|Any CPU
		{2E61F157-80CC-4880-9841-A520F0DC78BA}.Debug|Any CPU.ActiveCfg = Debug|Any CPU
		{2E61F157-80CC-4880-9841-A520F0DC78BA}.Debug|Any CPU.Build.0 = Debug|Any CPU
		{2E61F157-80CC-4880-9841-A520F0DC78BA}.Release|Any CPU.ActiveCfg = Release|Any CPU
		{2E61F157-80CC-4880-9841-A520F0DC78BA}.Release|Any CPU.Build.0 = Release|Any CPU
	EndGlobalSection
	GlobalSection(SolutionProperties) = preSolution
		HideSolutionNode = FALSE
	EndGlobalSection
EndGlobal
