
Microsoft Visual Studio Solution File, Format Version 12.00
# Visual Studio 15
VisualStudioVersion = 15.0.26430.6
MinimumVisualStudioVersion = 10.0.40219.1
Project("{FAE04EC0-301F-11D3-BF4B-00C04F79EFBC}") = "Sum-Matrix-Elements", "Sum-Matrix-Elements\Sum-Matrix-Elements.csproj", "{8E243415-9912-4782-B8D9-8F4D9CF08DC6}"
EndProject
Project("{FAE04EC0-301F-11D3-BF4B-00C04F79EFBC}") = "Square-With-Maximum-Sum", "Square-With-Maximum-Sum\Square-With-Maximum-Sum.csproj", "{1858F28F-192C-484A-9CFD-356C37E4C8B6}"
EndProject
Project("{FAE04EC0-301F-11D3-BF4B-00C04F79EFBC}") = "Group-Numbers", "Group-Numbers\Group-Numbers.csproj", "{EE278D4F-6FA2-4633-8A6A-0D67328CB338}"
EndProject
Global
	GlobalSection(SolutionConfigurationPlatforms) = preSolution
		Debug|Any CPU = Debug|Any CPU
		Release|Any CPU = Release|Any CPU
	EndGlobalSection
	GlobalSection(ProjectConfigurationPlatforms) = postSolution
		{8E243415-9912-4782-B8D9-8F4D9CF08DC6}.Debug|Any CPU.ActiveCfg = Debug|Any CPU
		{8E243415-9912-4782-B8D9-8F4D9CF08DC6}.Debug|Any CPU.Build.0 = Debug|Any CPU
		{8E243415-9912-4782-B8D9-8F4D9CF08DC6}.Release|Any CPU.ActiveCfg = Release|Any CPU
		{8E243415-9912-4782-B8D9-8F4D9CF08DC6}.Release|Any CPU.Build.0 = Release|Any CPU
		{1858F28F-192C-484A-9CFD-356C37E4C8B6}.Debug|Any CPU.ActiveCfg = Debug|Any CPU
		{1858F28F-192C-484A-9CFD-356C37E4C8B6}.Debug|Any CPU.Build.0 = Debug|Any CPU
		{1858F28F-192C-484A-9CFD-356C37E4C8B6}.Release|Any CPU.ActiveCfg = Release|Any CPU
		{1858F28F-192C-484A-9CFD-356C37E4C8B6}.Release|Any CPU.Build.0 = Release|Any CPU
		{EE278D4F-6FA2-4633-8A6A-0D67328CB338}.Debug|Any CPU.ActiveCfg = Debug|Any CPU
		{EE278D4F-6FA2-4633-8A6A-0D67328CB338}.Debug|Any CPU.Build.0 = Debug|Any CPU
		{EE278D4F-6FA2-4633-8A6A-0D67328CB338}.Release|Any CPU.ActiveCfg = Release|Any CPU
		{EE278D4F-6FA2-4633-8A6A-0D67328CB338}.Release|Any CPU.Build.0 = Release|Any CPU
	EndGlobalSection
	GlobalSection(SolutionProperties) = preSolution
		HideSolutionNode = FALSE
	EndGlobalSection
EndGlobal
