
Microsoft Visual Studio Solution File, Format Version 12.00
# Visual Studio 15
VisualStudioVersion = 15.0.26430.14
MinimumVisualStudioVersion = 10.0.40219.1
Project("{FAE04EC0-301F-11D3-BF4B-00C04F79EFBC}") = "Students-By-Group", "Students-By-Group\Students-By-Group.csproj", "{550D26AC-8A33-4945-BFD8-7C0CB54B7B73}"
EndProject
Project("{FAE04EC0-301F-11D3-BF4B-00C04F79EFBC}") = "Students-By-First-And-Last-Name", "Students-By-First-And-Last-Name\Students-By-First-And-Last-Name.csproj", "{5C2E04A9-1D37-4C6F-9AE7-3C791E0316CA}"
EndProject
Project("{FAE04EC0-301F-11D3-BF4B-00C04F79EFBC}") = "Students-By-Age", "Students-By-Age\Students-By-Age.csproj", "{DFAEE958-23E5-41F3-98C7-7B9D244B01F2}"
EndProject
Project("{FAE04EC0-301F-11D3-BF4B-00C04F79EFBC}") = "SortStudents", "SortStudents\SortStudents.csproj", "{073721F7-F957-4D10-887F-357D1D6E3F31}"
EndProject
Project("{FAE04EC0-301F-11D3-BF4B-00C04F79EFBC}") = "Filter-Students-By-Email-Domain", "Filter-Students-By-Email-Domain\Filter-Students-By-Email-Domain.csproj", "{6AC89C32-D096-4F5D-AA80-2FB6AD9B8900}"
EndProject
Project("{FAE04EC0-301F-11D3-BF4B-00C04F79EFBC}") = "Filter-Students-By-Phone", "Filter-Students-By-Phone\Filter-Students-By-Phone.csproj", "{2405FC70-CCE0-4A90-8D74-4796351BD107}"
EndProject
Project("{FAE04EC0-301F-11D3-BF4B-00C04F79EFBC}") = "Excellent-Students", "Excellent-Students\Excellent-Students.csproj", "{0A9E8559-D689-430E-8E16-67A1435ECEC4}"
EndProject
Project("{FAE04EC0-301F-11D3-BF4B-00C04F79EFBC}") = "Weak-Students", "Weak-Students\Weak-Students.csproj", "{C950CAC3-B99B-4F22-9F07-E178C08F0613}"
EndProject
Project("{FAE04EC0-301F-11D3-BF4B-00C04F79EFBC}") = "Students-Enrolled-In-2014-Or-2015", "Students-Enrolled-In-2014-Or-2015\Students-Enrolled-In-2014-Or-2015.csproj", "{640C1A17-FD17-44FB-B851-664EA6BA7476}"
EndProject
Project("{FAE04EC0-301F-11D3-BF4B-00C04F79EFBC}") = "Group-By-Group", "Group-By-Group\Group-By-Group.csproj", "{A0406BAF-D1A3-4353-BDE9-67556440C265}"
EndProject
Project("{FAE04EC0-301F-11D3-BF4B-00C04F79EFBC}") = "Students-Joined-To-Specialties", "Students-Joined-To-Specialties\Students-Joined-To-Specialties.csproj", "{DB67E071-9157-487B-AA9C-F0446F2EC05E}"
EndProject
Global
	GlobalSection(SolutionConfigurationPlatforms) = preSolution
		Debug|Any CPU = Debug|Any CPU
		Release|Any CPU = Release|Any CPU
	EndGlobalSection
	GlobalSection(ProjectConfigurationPlatforms) = postSolution
		{550D26AC-8A33-4945-BFD8-7C0CB54B7B73}.Debug|Any CPU.ActiveCfg = Debug|Any CPU
		{550D26AC-8A33-4945-BFD8-7C0CB54B7B73}.Debug|Any CPU.Build.0 = Debug|Any CPU
		{550D26AC-8A33-4945-BFD8-7C0CB54B7B73}.Release|Any CPU.ActiveCfg = Release|Any CPU
		{550D26AC-8A33-4945-BFD8-7C0CB54B7B73}.Release|Any CPU.Build.0 = Release|Any CPU
		{5C2E04A9-1D37-4C6F-9AE7-3C791E0316CA}.Debug|Any CPU.ActiveCfg = Debug|Any CPU
		{5C2E04A9-1D37-4C6F-9AE7-3C791E0316CA}.Debug|Any CPU.Build.0 = Debug|Any CPU
		{5C2E04A9-1D37-4C6F-9AE7-3C791E0316CA}.Release|Any CPU.ActiveCfg = Release|Any CPU
		{5C2E04A9-1D37-4C6F-9AE7-3C791E0316CA}.Release|Any CPU.Build.0 = Release|Any CPU
		{DFAEE958-23E5-41F3-98C7-7B9D244B01F2}.Debug|Any CPU.ActiveCfg = Debug|Any CPU
		{DFAEE958-23E5-41F3-98C7-7B9D244B01F2}.Debug|Any CPU.Build.0 = Debug|Any CPU
		{DFAEE958-23E5-41F3-98C7-7B9D244B01F2}.Release|Any CPU.ActiveCfg = Release|Any CPU
		{DFAEE958-23E5-41F3-98C7-7B9D244B01F2}.Release|Any CPU.Build.0 = Release|Any CPU
		{073721F7-F957-4D10-887F-357D1D6E3F31}.Debug|Any CPU.ActiveCfg = Debug|Any CPU
		{073721F7-F957-4D10-887F-357D1D6E3F31}.Debug|Any CPU.Build.0 = Debug|Any CPU
		{073721F7-F957-4D10-887F-357D1D6E3F31}.Release|Any CPU.ActiveCfg = Release|Any CPU
		{073721F7-F957-4D10-887F-357D1D6E3F31}.Release|Any CPU.Build.0 = Release|Any CPU
		{6AC89C32-D096-4F5D-AA80-2FB6AD9B8900}.Debug|Any CPU.ActiveCfg = Debug|Any CPU
		{6AC89C32-D096-4F5D-AA80-2FB6AD9B8900}.Debug|Any CPU.Build.0 = Debug|Any CPU
		{6AC89C32-D096-4F5D-AA80-2FB6AD9B8900}.Release|Any CPU.ActiveCfg = Release|Any CPU
		{6AC89C32-D096-4F5D-AA80-2FB6AD9B8900}.Release|Any CPU.Build.0 = Release|Any CPU
		{2405FC70-CCE0-4A90-8D74-4796351BD107}.Debug|Any CPU.ActiveCfg = Debug|Any CPU
		{2405FC70-CCE0-4A90-8D74-4796351BD107}.Debug|Any CPU.Build.0 = Debug|Any CPU
		{2405FC70-CCE0-4A90-8D74-4796351BD107}.Release|Any CPU.ActiveCfg = Release|Any CPU
		{2405FC70-CCE0-4A90-8D74-4796351BD107}.Release|Any CPU.Build.0 = Release|Any CPU
		{0A9E8559-D689-430E-8E16-67A1435ECEC4}.Debug|Any CPU.ActiveCfg = Debug|Any CPU
		{0A9E8559-D689-430E-8E16-67A1435ECEC4}.Debug|Any CPU.Build.0 = Debug|Any CPU
		{0A9E8559-D689-430E-8E16-67A1435ECEC4}.Release|Any CPU.ActiveCfg = Release|Any CPU
		{0A9E8559-D689-430E-8E16-67A1435ECEC4}.Release|Any CPU.Build.0 = Release|Any CPU
		{C950CAC3-B99B-4F22-9F07-E178C08F0613}.Debug|Any CPU.ActiveCfg = Debug|Any CPU
		{C950CAC3-B99B-4F22-9F07-E178C08F0613}.Debug|Any CPU.Build.0 = Debug|Any CPU
		{C950CAC3-B99B-4F22-9F07-E178C08F0613}.Release|Any CPU.ActiveCfg = Release|Any CPU
		{C950CAC3-B99B-4F22-9F07-E178C08F0613}.Release|Any CPU.Build.0 = Release|Any CPU
		{640C1A17-FD17-44FB-B851-664EA6BA7476}.Debug|Any CPU.ActiveCfg = Debug|Any CPU
		{640C1A17-FD17-44FB-B851-664EA6BA7476}.Debug|Any CPU.Build.0 = Debug|Any CPU
		{640C1A17-FD17-44FB-B851-664EA6BA7476}.Release|Any CPU.ActiveCfg = Release|Any CPU
		{640C1A17-FD17-44FB-B851-664EA6BA7476}.Release|Any CPU.Build.0 = Release|Any CPU
		{A0406BAF-D1A3-4353-BDE9-67556440C265}.Debug|Any CPU.ActiveCfg = Debug|Any CPU
		{A0406BAF-D1A3-4353-BDE9-67556440C265}.Debug|Any CPU.Build.0 = Debug|Any CPU
		{A0406BAF-D1A3-4353-BDE9-67556440C265}.Release|Any CPU.ActiveCfg = Release|Any CPU
		{A0406BAF-D1A3-4353-BDE9-67556440C265}.Release|Any CPU.Build.0 = Release|Any CPU
		{DB67E071-9157-487B-AA9C-F0446F2EC05E}.Debug|Any CPU.ActiveCfg = Debug|Any CPU
		{DB67E071-9157-487B-AA9C-F0446F2EC05E}.Debug|Any CPU.Build.0 = Debug|Any CPU
		{DB67E071-9157-487B-AA9C-F0446F2EC05E}.Release|Any CPU.ActiveCfg = Release|Any CPU
		{DB67E071-9157-487B-AA9C-F0446F2EC05E}.Release|Any CPU.Build.0 = Release|Any CPU
	EndGlobalSection
	GlobalSection(SolutionProperties) = preSolution
		HideSolutionNode = FALSE
	EndGlobalSection
EndGlobal
