
Microsoft Visual Studio Solution File, Format Version 12.00
# Visual Studio 15
VisualStudioVersion = 15.0.27703.1
MinimumVisualStudioVersion = 10.0.40219.1
Project("{FAE04EC0-301F-11D3-BF4B-00C04F79EFBC}") = "Even-Numbers-Thread", "Even-Numbers-Thread\Even-Numbers-Thread.csproj", "{5EDE3C2F-1CA3-4144-BEBA-C20B3F2A3C24}"
EndProject
Global
	GlobalSection(SolutionConfigurationPlatforms) = preSolution
		Debug|Any CPU = Debug|Any CPU
		Release|Any CPU = Release|Any CPU
	EndGlobalSection
	GlobalSection(ProjectConfigurationPlatforms) = postSolution
		{5EDE3C2F-1CA3-4144-BEBA-C20B3F2A3C24}.Debug|Any CPU.ActiveCfg = Debug|Any CPU
		{5EDE3C2F-1CA3-4144-BEBA-C20B3F2A3C24}.Debug|Any CPU.Build.0 = Debug|Any CPU
		{5EDE3C2F-1CA3-4144-BEBA-C20B3F2A3C24}.Release|Any CPU.ActiveCfg = Release|Any CPU
		{5EDE3C2F-1CA3-4144-BEBA-C20B3F2A3C24}.Release|Any CPU.Build.0 = Release|Any CPU
	EndGlobalSection
	GlobalSection(SolutionProperties) = preSolution
		HideSolutionNode = FALSE
	EndGlobalSection
	GlobalSection(ExtensibilityGlobals) = postSolution
		SolutionGuid = {7C2E0CD4-4D65-4BB5-ACDB-EC89BED72446}
	EndGlobalSection
EndGlobal
