
Microsoft Visual Studio Solution File, Format Version 12.00
# Visual Studio 15
VisualStudioVersion = 15.0.26430.16
MinimumVisualStudioVersion = 10.0.40219.1
Project("{FAE04EC0-301F-11D3-BF4B-00C04F79EFBC}") = "Card-Suit", "Card-Suit\Card-Suit.csproj", "{3B8FB7F7-A29F-4325-941D-17F8631268F2}"
EndProject
Project("{FAE04EC0-301F-11D3-BF4B-00C04F79EFBC}") = "Card-Rank", "Card-Rank\Card-Rank.csproj", "{FE0116A3-C590-455E-BA60-7107A711B6CD}"
EndProject
Project("{FAE04EC0-301F-11D3-BF4B-00C04F79EFBC}") = "Card-Power", "Card-Power\Card-Power.csproj", "{416DCAEE-2194-412C-B697-47EA1EF38C76}"
EndProject
Project("{FAE04EC0-301F-11D3-BF4B-00C04F79EFBC}") = "Card-ToString", "Card-ToString\Card-ToString.csproj", "{61B5A620-B024-441D-B159-02A9F60C13FC}"
EndProject
Project("{FAE04EC0-301F-11D3-BF4B-00C04F79EFBC}") = "Card-CompareTo", "Card-CompareTo\Card-CompareTo.csproj", "{28618C2D-AAFD-4350-850F-281B9C5CAFEF}"
EndProject
Project("{FAE04EC0-301F-11D3-BF4B-00C04F79EFBC}") = "Custom-Enum-Attribute", "Custom-Enum-Attribute\Custom-Enum-Attribute.csproj", "{2474A290-6BD8-4638-B42D-B45BA0048CE3}"
EndProject
Project("{FAE04EC0-301F-11D3-BF4B-00C04F79EFBC}") = "Deck-Of-Cards", "Deck-Of-Cards\Deck-Of-Cards.csproj", "{9921CCD6-7523-4BA7-9651-AD7FA3BEA0D3}"
EndProject
Project("{FAE04EC0-301F-11D3-BF4B-00C04F79EFBC}") = "Card-Game", "Card-Game\Card-Game.csproj", "{06777F82-3B74-45C0-BE74-1B3B37B08C87}"
EndProject
Project("{FAE04EC0-301F-11D3-BF4B-00C04F79EFBC}") = "Traffic-Lights", "Traffic-Lights\Traffic-Lights.csproj", "{24AF064A-506A-49DD-8A4B-2CA6A3EDEDA9}"
EndProject
Project("{FAE04EC0-301F-11D3-BF4B-00C04F79EFBC}") = "Custom-Class-Attribute", "Custom-Class-Attribute\Custom-Class-Attribute.csproj", "{CEF30F64-642A-406B-8D74-4AE56028B568}"
EndProject
Project("{FAE04EC0-301F-11D3-BF4B-00C04F79EFBC}") = "Inferno-Infinity", "Inferno-Infinity\Inferno-Infinity.csproj", "{590F78A0-98D0-4416-87F9-FC36710C5429}"
EndProject
Global
	GlobalSection(SolutionConfigurationPlatforms) = preSolution
		Debug|Any CPU = Debug|Any CPU
		Release|Any CPU = Release|Any CPU
	EndGlobalSection
	GlobalSection(ProjectConfigurationPlatforms) = postSolution
		{3B8FB7F7-A29F-4325-941D-17F8631268F2}.Debug|Any CPU.ActiveCfg = Debug|Any CPU
		{3B8FB7F7-A29F-4325-941D-17F8631268F2}.Debug|Any CPU.Build.0 = Debug|Any CPU
		{3B8FB7F7-A29F-4325-941D-17F8631268F2}.Release|Any CPU.ActiveCfg = Release|Any CPU
		{3B8FB7F7-A29F-4325-941D-17F8631268F2}.Release|Any CPU.Build.0 = Release|Any CPU
		{FE0116A3-C590-455E-BA60-7107A711B6CD}.Debug|Any CPU.ActiveCfg = Debug|Any CPU
		{FE0116A3-C590-455E-BA60-7107A711B6CD}.Debug|Any CPU.Build.0 = Debug|Any CPU
		{FE0116A3-C590-455E-BA60-7107A711B6CD}.Release|Any CPU.ActiveCfg = Release|Any CPU
		{FE0116A3-C590-455E-BA60-7107A711B6CD}.Release|Any CPU.Build.0 = Release|Any CPU
		{416DCAEE-2194-412C-B697-47EA1EF38C76}.Debug|Any CPU.ActiveCfg = Debug|Any CPU
		{416DCAEE-2194-412C-B697-47EA1EF38C76}.Debug|Any CPU.Build.0 = Debug|Any CPU
		{416DCAEE-2194-412C-B697-47EA1EF38C76}.Release|Any CPU.ActiveCfg = Release|Any CPU
		{416DCAEE-2194-412C-B697-47EA1EF38C76}.Release|Any CPU.Build.0 = Release|Any CPU
		{61B5A620-B024-441D-B159-02A9F60C13FC}.Debug|Any CPU.ActiveCfg = Debug|Any CPU
		{61B5A620-B024-441D-B159-02A9F60C13FC}.Debug|Any CPU.Build.0 = Debug|Any CPU
		{61B5A620-B024-441D-B159-02A9F60C13FC}.Release|Any CPU.ActiveCfg = Release|Any CPU
		{61B5A620-B024-441D-B159-02A9F60C13FC}.Release|Any CPU.Build.0 = Release|Any CPU
		{28618C2D-AAFD-4350-850F-281B9C5CAFEF}.Debug|Any CPU.ActiveCfg = Debug|Any CPU
		{28618C2D-AAFD-4350-850F-281B9C5CAFEF}.Debug|Any CPU.Build.0 = Debug|Any CPU
		{28618C2D-AAFD-4350-850F-281B9C5CAFEF}.Release|Any CPU.ActiveCfg = Release|Any CPU
		{28618C2D-AAFD-4350-850F-281B9C5CAFEF}.Release|Any CPU.Build.0 = Release|Any CPU
		{2474A290-6BD8-4638-B42D-B45BA0048CE3}.Debug|Any CPU.ActiveCfg = Debug|Any CPU
		{2474A290-6BD8-4638-B42D-B45BA0048CE3}.Debug|Any CPU.Build.0 = Debug|Any CPU
		{2474A290-6BD8-4638-B42D-B45BA0048CE3}.Release|Any CPU.ActiveCfg = Release|Any CPU
		{2474A290-6BD8-4638-B42D-B45BA0048CE3}.Release|Any CPU.Build.0 = Release|Any CPU
		{9921CCD6-7523-4BA7-9651-AD7FA3BEA0D3}.Debug|Any CPU.ActiveCfg = Debug|Any CPU
		{9921CCD6-7523-4BA7-9651-AD7FA3BEA0D3}.Debug|Any CPU.Build.0 = Debug|Any CPU
		{9921CCD6-7523-4BA7-9651-AD7FA3BEA0D3}.Release|Any CPU.ActiveCfg = Release|Any CPU
		{9921CCD6-7523-4BA7-9651-AD7FA3BEA0D3}.Release|Any CPU.Build.0 = Release|Any CPU
		{06777F82-3B74-45C0-BE74-1B3B37B08C87}.Debug|Any CPU.ActiveCfg = Debug|Any CPU
		{06777F82-3B74-45C0-BE74-1B3B37B08C87}.Debug|Any CPU.Build.0 = Debug|Any CPU
		{06777F82-3B74-45C0-BE74-1B3B37B08C87}.Release|Any CPU.ActiveCfg = Release|Any CPU
		{06777F82-3B74-45C0-BE74-1B3B37B08C87}.Release|Any CPU.Build.0 = Release|Any CPU
		{24AF064A-506A-49DD-8A4B-2CA6A3EDEDA9}.Debug|Any CPU.ActiveCfg = Debug|Any CPU
		{24AF064A-506A-49DD-8A4B-2CA6A3EDEDA9}.Debug|Any CPU.Build.0 = Debug|Any CPU
		{24AF064A-506A-49DD-8A4B-2CA6A3EDEDA9}.Release|Any CPU.ActiveCfg = Release|Any CPU
		{24AF064A-506A-49DD-8A4B-2CA6A3EDEDA9}.Release|Any CPU.Build.0 = Release|Any CPU
		{CEF30F64-642A-406B-8D74-4AE56028B568}.Debug|Any CPU.ActiveCfg = Debug|Any CPU
		{CEF30F64-642A-406B-8D74-4AE56028B568}.Debug|Any CPU.Build.0 = Debug|Any CPU
		{CEF30F64-642A-406B-8D74-4AE56028B568}.Release|Any CPU.ActiveCfg = Release|Any CPU
		{CEF30F64-642A-406B-8D74-4AE56028B568}.Release|Any CPU.Build.0 = Release|Any CPU
		{590F78A0-98D0-4416-87F9-FC36710C5429}.Debug|Any CPU.ActiveCfg = Debug|Any CPU
		{590F78A0-98D0-4416-87F9-FC36710C5429}.Debug|Any CPU.Build.0 = Debug|Any CPU
		{590F78A0-98D0-4416-87F9-FC36710C5429}.Release|Any CPU.ActiveCfg = Release|Any CPU
		{590F78A0-98D0-4416-87F9-FC36710C5429}.Release|Any CPU.Build.0 = Release|Any CPU
	EndGlobalSection
	GlobalSection(SolutionProperties) = preSolution
		HideSolutionNode = FALSE
	EndGlobalSection
EndGlobal
