
Microsoft Visual Studio Solution File, Format Version 12.00
# Visual Studio 15
VisualStudioVersion = 15.0.26430.16
MinimumVisualStudioVersion = 10.0.40219.1
Project("{FAE04EC0-301F-11D3-BF4B-00C04F79EFBC}") = "Card-Suit", "Card-Suit\Card-Suit.csproj", "{3B8FB7F7-A29F-4325-941D-17F8631268F2}"
EndProject
Project("{FAE04EC0-301F-11D3-BF4B-00C04F79EFBC}") = "Card-Rank", "Card-Rank\Card-Rank.csproj", "{FE0116A3-C590-455E-BA60-7107A711B6CD}"
EndProject
Project("{FAE04EC0-301F-11D3-BF4B-00C04F79EFBC}") = "Card-Power", "Card-Power\Card-Power.csproj", "{416DCAEE-2194-412C-B697-47EA1EF38C76}"
EndProject
Global
	GlobalSection(SolutionConfigurationPlatforms) = preSolution
		Debug|Any CPU = Debug|Any CPU
		Release|Any CPU = Release|Any CPU
	EndGlobalSection
	GlobalSection(ProjectConfigurationPlatforms) = postSolution
		{3B8FB7F7-A29F-4325-941D-17F8631268F2}.Debug|Any CPU.ActiveCfg = Debug|Any CPU
		{3B8FB7F7-A29F-4325-941D-17F8631268F2}.Debug|Any CPU.Build.0 = Debug|Any CPU
		{3B8FB7F7-A29F-4325-941D-17F8631268F2}.Release|Any CPU.ActiveCfg = Release|Any CPU
		{3B8FB7F7-A29F-4325-941D-17F8631268F2}.Release|Any CPU.Build.0 = Release|Any CPU
		{FE0116A3-C590-455E-BA60-7107A711B6CD}.Debug|Any CPU.ActiveCfg = Debug|Any CPU
		{FE0116A3-C590-455E-BA60-7107A711B6CD}.Debug|Any CPU.Build.0 = Debug|Any CPU
		{FE0116A3-C590-455E-BA60-7107A711B6CD}.Release|Any CPU.ActiveCfg = Release|Any CPU
		{FE0116A3-C590-455E-BA60-7107A711B6CD}.Release|Any CPU.Build.0 = Release|Any CPU
		{416DCAEE-2194-412C-B697-47EA1EF38C76}.Debug|Any CPU.ActiveCfg = Debug|Any CPU
		{416DCAEE-2194-412C-B697-47EA1EF38C76}.Debug|Any CPU.Build.0 = Debug|Any CPU
		{416DCAEE-2194-412C-B697-47EA1EF38C76}.Release|Any CPU.ActiveCfg = Release|Any CPU
		{416DCAEE-2194-412C-B697-47EA1EF38C76}.Release|Any CPU.Build.0 = Release|Any CPU
	EndGlobalSection
	GlobalSection(SolutionProperties) = preSolution
		HideSolutionNode = FALSE
	EndGlobalSection
EndGlobal
