
Microsoft Visual Studio Solution File, Format Version 12.00
# Visual Studio 15
VisualStudioVersion = 15.0.26430.13
MinimumVisualStudioVersion = 10.0.40219.1
Project("{FAE04EC0-301F-11D3-BF4B-00C04F79EFBC}") = "Match-Count", "Match-Count\Match-Count.csproj", "{FBCBC345-92CE-45C8-BD1D-8CE49116FDC9}"
EndProject
Project("{FAE04EC0-301F-11D3-BF4B-00C04F79EFBC}") = "Vowel-Count", "Vowel-Count\Vowel-Count.csproj", "{7331CB22-CB62-4315-8A2D-8E50D262D224}"
EndProject
Project("{FAE04EC0-301F-11D3-BF4B-00C04F79EFBC}") = "Non-Digit-Count", "Non-Digit-Count\Non-Digit-Count.csproj", "{E0C5D2DC-9EC6-485D-B9E2-2FE6403761F5}"
EndProject
Project("{FAE04EC0-301F-11D3-BF4B-00C04F79EFBC}") = "Extract-Integer-Numbers", "Extract-Integer-Numbers\Extract-Integer-Numbers.csproj", "{356B7C59-A444-4D27-89F2-07675B29C8FE}"
EndProject
Project("{FAE04EC0-301F-11D3-BF4B-00C04F79EFBC}") = "Extract-Tags", "Extract-Tags\Extract-Tags.csproj", "{CD0AFC9E-9FFA-4996-AB0E-9A98146C1BD3}"
EndProject
Project("{FAE04EC0-301F-11D3-BF4B-00C04F79EFBC}") = "Valid-Usernames", "Valid-Usernames\Valid-Usernames.csproj", "{1F8AD1B0-6192-427D-BB8D-814723B5EE54}"
EndProject
Project("{FAE04EC0-301F-11D3-BF4B-00C04F79EFBC}") = "Valid-Time", "Valid-Time\Valid-Time.csproj", "{0E303E5A-2688-4E74-853B-7F1BF18C6933}"
EndProject
Project("{FAE04EC0-301F-11D3-BF4B-00C04F79EFBC}") = "Extract-Quotations", "Extract-Quotations\Extract-Quotations.csproj", "{9E01EA2B-4DE9-4DF9-B015-273E16CFF668}"
EndProject
Global
	GlobalSection(SolutionConfigurationPlatforms) = preSolution
		Debug|Any CPU = Debug|Any CPU
		Release|Any CPU = Release|Any CPU
	EndGlobalSection
	GlobalSection(ProjectConfigurationPlatforms) = postSolution
		{FBCBC345-92CE-45C8-BD1D-8CE49116FDC9}.Debug|Any CPU.ActiveCfg = Debug|Any CPU
		{FBCBC345-92CE-45C8-BD1D-8CE49116FDC9}.Debug|Any CPU.Build.0 = Debug|Any CPU
		{FBCBC345-92CE-45C8-BD1D-8CE49116FDC9}.Release|Any CPU.ActiveCfg = Release|Any CPU
		{FBCBC345-92CE-45C8-BD1D-8CE49116FDC9}.Release|Any CPU.Build.0 = Release|Any CPU
		{7331CB22-CB62-4315-8A2D-8E50D262D224}.Debug|Any CPU.ActiveCfg = Debug|Any CPU
		{7331CB22-CB62-4315-8A2D-8E50D262D224}.Debug|Any CPU.Build.0 = Debug|Any CPU
		{7331CB22-CB62-4315-8A2D-8E50D262D224}.Release|Any CPU.ActiveCfg = Release|Any CPU
		{7331CB22-CB62-4315-8A2D-8E50D262D224}.Release|Any CPU.Build.0 = Release|Any CPU
		{E0C5D2DC-9EC6-485D-B9E2-2FE6403761F5}.Debug|Any CPU.ActiveCfg = Debug|Any CPU
		{E0C5D2DC-9EC6-485D-B9E2-2FE6403761F5}.Debug|Any CPU.Build.0 = Debug|Any CPU
		{E0C5D2DC-9EC6-485D-B9E2-2FE6403761F5}.Release|Any CPU.ActiveCfg = Release|Any CPU
		{E0C5D2DC-9EC6-485D-B9E2-2FE6403761F5}.Release|Any CPU.Build.0 = Release|Any CPU
		{356B7C59-A444-4D27-89F2-07675B29C8FE}.Debug|Any CPU.ActiveCfg = Debug|Any CPU
		{356B7C59-A444-4D27-89F2-07675B29C8FE}.Debug|Any CPU.Build.0 = Debug|Any CPU
		{356B7C59-A444-4D27-89F2-07675B29C8FE}.Release|Any CPU.ActiveCfg = Release|Any CPU
		{356B7C59-A444-4D27-89F2-07675B29C8FE}.Release|Any CPU.Build.0 = Release|Any CPU
		{CD0AFC9E-9FFA-4996-AB0E-9A98146C1BD3}.Debug|Any CPU.ActiveCfg = Debug|Any CPU
		{CD0AFC9E-9FFA-4996-AB0E-9A98146C1BD3}.Debug|Any CPU.Build.0 = Debug|Any CPU
		{CD0AFC9E-9FFA-4996-AB0E-9A98146C1BD3}.Release|Any CPU.ActiveCfg = Release|Any CPU
		{CD0AFC9E-9FFA-4996-AB0E-9A98146C1BD3}.Release|Any CPU.Build.0 = Release|Any CPU
		{1F8AD1B0-6192-427D-BB8D-814723B5EE54}.Debug|Any CPU.ActiveCfg = Debug|Any CPU
		{1F8AD1B0-6192-427D-BB8D-814723B5EE54}.Debug|Any CPU.Build.0 = Debug|Any CPU
		{1F8AD1B0-6192-427D-BB8D-814723B5EE54}.Release|Any CPU.ActiveCfg = Release|Any CPU
		{1F8AD1B0-6192-427D-BB8D-814723B5EE54}.Release|Any CPU.Build.0 = Release|Any CPU
		{0E303E5A-2688-4E74-853B-7F1BF18C6933}.Debug|Any CPU.ActiveCfg = Debug|Any CPU
		{0E303E5A-2688-4E74-853B-7F1BF18C6933}.Debug|Any CPU.Build.0 = Debug|Any CPU
		{0E303E5A-2688-4E74-853B-7F1BF18C6933}.Release|Any CPU.ActiveCfg = Release|Any CPU
		{0E303E5A-2688-4E74-853B-7F1BF18C6933}.Release|Any CPU.Build.0 = Release|Any CPU
		{9E01EA2B-4DE9-4DF9-B015-273E16CFF668}.Debug|Any CPU.ActiveCfg = Debug|Any CPU
		{9E01EA2B-4DE9-4DF9-B015-273E16CFF668}.Debug|Any CPU.Build.0 = Debug|Any CPU
		{9E01EA2B-4DE9-4DF9-B015-273E16CFF668}.Release|Any CPU.ActiveCfg = Release|Any CPU
		{9E01EA2B-4DE9-4DF9-B015-273E16CFF668}.Release|Any CPU.Build.0 = Release|Any CPU
	EndGlobalSection
	GlobalSection(SolutionProperties) = preSolution
		HideSolutionNode = FALSE
	EndGlobalSection
EndGlobal
