
Microsoft Visual Studio Solution File, Format Version 12.00
# Visual Studio 14
VisualStudioVersion = 14.0.25420.1
MinimumVisualStudioVersion = 10.0.40219.1
Project("{FAE04EC0-301F-11D3-BF4B-00C04F79EFBC}") = "Reverse-Strings", "Reverse-Strings\Reverse-Strings.csproj", "{C2217452-C3BF-4597-AF3A-37757BF1C8D8}"
EndProject
Project("{FAE04EC0-301F-11D3-BF4B-00C04F79EFBC}") = "Simple-Calculator", "Simple-Calculator\Simple-Calculator.csproj", "{7FBBDEC3-73B1-4D15-80B9-13F49B6539B6}"
EndProject
Project("{FAE04EC0-301F-11D3-BF4B-00C04F79EFBC}") = "Decimal-To-Binary-Converter", "Decimal-to-Binary-Converter\Decimal-To-Binary-Converter.csproj", "{56C28D86-3935-44CA-979A-99F425C930C0}"
EndProject
Global
	GlobalSection(SolutionConfigurationPlatforms) = preSolution
		Debug|Any CPU = Debug|Any CPU
		Release|Any CPU = Release|Any CPU
	EndGlobalSection
	GlobalSection(ProjectConfigurationPlatforms) = postSolution
		{C2217452-C3BF-4597-AF3A-37757BF1C8D8}.Debug|Any CPU.ActiveCfg = Debug|Any CPU
		{C2217452-C3BF-4597-AF3A-37757BF1C8D8}.Debug|Any CPU.Build.0 = Debug|Any CPU
		{C2217452-C3BF-4597-AF3A-37757BF1C8D8}.Release|Any CPU.ActiveCfg = Release|Any CPU
		{C2217452-C3BF-4597-AF3A-37757BF1C8D8}.Release|Any CPU.Build.0 = Release|Any CPU
		{7FBBDEC3-73B1-4D15-80B9-13F49B6539B6}.Debug|Any CPU.ActiveCfg = Debug|Any CPU
		{7FBBDEC3-73B1-4D15-80B9-13F49B6539B6}.Debug|Any CPU.Build.0 = Debug|Any CPU
		{7FBBDEC3-73B1-4D15-80B9-13F49B6539B6}.Release|Any CPU.ActiveCfg = Release|Any CPU
		{7FBBDEC3-73B1-4D15-80B9-13F49B6539B6}.Release|Any CPU.Build.0 = Release|Any CPU
		{56C28D86-3935-44CA-979A-99F425C930C0}.Debug|Any CPU.ActiveCfg = Debug|Any CPU
		{56C28D86-3935-44CA-979A-99F425C930C0}.Debug|Any CPU.Build.0 = Debug|Any CPU
		{56C28D86-3935-44CA-979A-99F425C930C0}.Release|Any CPU.ActiveCfg = Release|Any CPU
		{56C28D86-3935-44CA-979A-99F425C930C0}.Release|Any CPU.Build.0 = Release|Any CPU
	EndGlobalSection
	GlobalSection(SolutionProperties) = preSolution
		HideSolutionNode = FALSE
	EndGlobalSection
EndGlobal
