
Microsoft Visual Studio Solution File, Format Version 12.00
# Visual Studio 14
VisualStudioVersion = 14.0.25420.1
MinimumVisualStudioVersion = 10.0.40219.1
Project("{FAE04EC0-301F-11D3-BF4B-00C04F79EFBC}") = "Reverse-Numbers", "Reverse-Numbers\Reverse-Numbers.csproj", "{462A08C5-A8D7-4BC5-A961-9C67CE609CA2}"
EndProject
Project("{FAE04EC0-301F-11D3-BF4B-00C04F79EFBC}") = "Basic-Stack-Operations", "Basic-Stack-Operations\Basic-Stack-Operations.csproj", "{650C8FFD-BCD4-4370-97CB-51E775FC3FDF}"
EndProject
Project("{FAE04EC0-301F-11D3-BF4B-00C04F79EFBC}") = "Maximum-Element", "Maximum-Element\Maximum-Element.csproj", "{F75D26F4-E7CD-4AA2-8CED-2E621165CFEA}"
EndProject
Global
	GlobalSection(SolutionConfigurationPlatforms) = preSolution
		Debug|Any CPU = Debug|Any CPU
		Release|Any CPU = Release|Any CPU
	EndGlobalSection
	GlobalSection(ProjectConfigurationPlatforms) = postSolution
		{462A08C5-A8D7-4BC5-A961-9C67CE609CA2}.Debug|Any CPU.ActiveCfg = Debug|Any CPU
		{462A08C5-A8D7-4BC5-A961-9C67CE609CA2}.Debug|Any CPU.Build.0 = Debug|Any CPU
		{462A08C5-A8D7-4BC5-A961-9C67CE609CA2}.Release|Any CPU.ActiveCfg = Release|Any CPU
		{462A08C5-A8D7-4BC5-A961-9C67CE609CA2}.Release|Any CPU.Build.0 = Release|Any CPU
		{650C8FFD-BCD4-4370-97CB-51E775FC3FDF}.Debug|Any CPU.ActiveCfg = Debug|Any CPU
		{650C8FFD-BCD4-4370-97CB-51E775FC3FDF}.Debug|Any CPU.Build.0 = Debug|Any CPU
		{650C8FFD-BCD4-4370-97CB-51E775FC3FDF}.Release|Any CPU.ActiveCfg = Release|Any CPU
		{650C8FFD-BCD4-4370-97CB-51E775FC3FDF}.Release|Any CPU.Build.0 = Release|Any CPU
		{F75D26F4-E7CD-4AA2-8CED-2E621165CFEA}.Debug|Any CPU.ActiveCfg = Debug|Any CPU
		{F75D26F4-E7CD-4AA2-8CED-2E621165CFEA}.Debug|Any CPU.Build.0 = Debug|Any CPU
		{F75D26F4-E7CD-4AA2-8CED-2E621165CFEA}.Release|Any CPU.ActiveCfg = Release|Any CPU
		{F75D26F4-E7CD-4AA2-8CED-2E621165CFEA}.Release|Any CPU.Build.0 = Release|Any CPU
	EndGlobalSection
	GlobalSection(SolutionProperties) = preSolution
		HideSolutionNode = FALSE
	EndGlobalSection
EndGlobal
