
Microsoft Visual Studio Solution File, Format Version 12.00
# Visual Studio 15
VisualStudioVersion = 15.0.28010.2019
MinimumVisualStudioVersion = 10.0.40219.1
Project("{FAE04EC0-301F-11D3-BF4B-00C04F79EFBC}") = "Harvesting-Fields", "Harvesting-Fields\Harvesting-Fields.csproj", "{E6DD8020-28A3-4296-86B1-DC87C18B055E}"
EndProject
Project("{FAE04EC0-301F-11D3-BF4B-00C04F79EFBC}") = "Black-Box-Integer", "Black-Box-Integer\Black-Box-Integer.csproj", "{0FFC633C-D917-4F2E-AA44-D43CCF4E6506}"
EndProject
Project("{FAE04EC0-301F-11D3-BF4B-00C04F79EFBC}") = "Black-Wars-New-Factory", "Black-Wars-New-Factory\Black-Wars-New-Factory.csproj", "{E163C70A-A09E-482F-BF4F-93540334CFF7}"
EndProject
Project("{FAE04EC0-301F-11D3-BF4B-00C04F79EFBC}") = "Black-Wars-The-Command-Strike-Back", "Black-Wars-The-Command-Strike-Back\Black-Wars-The-Command-Strike-Back.csproj", "{C7F843D9-B58E-4B54-A873-4A50F1F3BCA2}"
EndProject
Project("{FAE04EC0-301F-11D3-BF4B-00C04F79EFBC}") = "Black-Wars-Return-Of-The-Dependencies", "Black-Wars-Return-Of-The-Dependencies\Black-Wars-Return-Of-The-Dependencies.csproj", "{85AD3E1B-4668-4126-8F61-ED3C0670766E}"
EndProject
Global
	GlobalSection(SolutionConfigurationPlatforms) = preSolution
		Debug|Any CPU = Debug|Any CPU
		Release|Any CPU = Release|Any CPU
	EndGlobalSection
	GlobalSection(ProjectConfigurationPlatforms) = postSolution
		{E6DD8020-28A3-4296-86B1-DC87C18B055E}.Debug|Any CPU.ActiveCfg = Debug|Any CPU
		{E6DD8020-28A3-4296-86B1-DC87C18B055E}.Debug|Any CPU.Build.0 = Debug|Any CPU
		{E6DD8020-28A3-4296-86B1-DC87C18B055E}.Release|Any CPU.ActiveCfg = Release|Any CPU
		{E6DD8020-28A3-4296-86B1-DC87C18B055E}.Release|Any CPU.Build.0 = Release|Any CPU
		{0FFC633C-D917-4F2E-AA44-D43CCF4E6506}.Debug|Any CPU.ActiveCfg = Debug|Any CPU
		{0FFC633C-D917-4F2E-AA44-D43CCF4E6506}.Debug|Any CPU.Build.0 = Debug|Any CPU
		{0FFC633C-D917-4F2E-AA44-D43CCF4E6506}.Release|Any CPU.ActiveCfg = Release|Any CPU
		{0FFC633C-D917-4F2E-AA44-D43CCF4E6506}.Release|Any CPU.Build.0 = Release|Any CPU
		{E163C70A-A09E-482F-BF4F-93540334CFF7}.Debug|Any CPU.ActiveCfg = Debug|Any CPU
		{E163C70A-A09E-482F-BF4F-93540334CFF7}.Debug|Any CPU.Build.0 = Debug|Any CPU
		{E163C70A-A09E-482F-BF4F-93540334CFF7}.Release|Any CPU.ActiveCfg = Release|Any CPU
		{E163C70A-A09E-482F-BF4F-93540334CFF7}.Release|Any CPU.Build.0 = Release|Any CPU
		{C7F843D9-B58E-4B54-A873-4A50F1F3BCA2}.Debug|Any CPU.ActiveCfg = Debug|Any CPU
		{C7F843D9-B58E-4B54-A873-4A50F1F3BCA2}.Debug|Any CPU.Build.0 = Debug|Any CPU
		{C7F843D9-B58E-4B54-A873-4A50F1F3BCA2}.Release|Any CPU.ActiveCfg = Release|Any CPU
		{C7F843D9-B58E-4B54-A873-4A50F1F3BCA2}.Release|Any CPU.Build.0 = Release|Any CPU
		{85AD3E1B-4668-4126-8F61-ED3C0670766E}.Debug|Any CPU.ActiveCfg = Debug|Any CPU
		{85AD3E1B-4668-4126-8F61-ED3C0670766E}.Debug|Any CPU.Build.0 = Debug|Any CPU
		{85AD3E1B-4668-4126-8F61-ED3C0670766E}.Release|Any CPU.ActiveCfg = Release|Any CPU
		{85AD3E1B-4668-4126-8F61-ED3C0670766E}.Release|Any CPU.Build.0 = Release|Any CPU
	EndGlobalSection
	GlobalSection(SolutionProperties) = preSolution
		HideSolutionNode = FALSE
	EndGlobalSection
	GlobalSection(ExtensibilityGlobals) = postSolution
		SolutionGuid = {B645EB0C-833D-4788-AE79-A3BE405C68C0}
	EndGlobalSection
EndGlobal
