
Microsoft Visual Studio Solution File, Format Version 12.00
# Visual Studio 15
VisualStudioVersion = 15.0.26430.13
MinimumVisualStudioVersion = 10.0.40219.1
Project("{FAE04EC0-301F-11D3-BF4B-00C04F79EFBC}") = "Extract-Emails", "Extract-Emails\Extract-Emails.csproj", "{F28DCB07-850F-4591-9032-3CA89AD2C552}"
EndProject
Project("{FAE04EC0-301F-11D3-BF4B-00C04F79EFBC}") = "Match-Full-Name", "Match-Full-Name\Match-Full-Name.csproj", "{08A3E8BD-6258-4E38-844C-ED4FE070EE96}"
EndProject
Project("{FAE04EC0-301F-11D3-BF4B-00C04F79EFBC}") = "Match-Phone-Number", "Match-Phone-Number\Match-Phone-Number.csproj", "{D106D575-0E68-4853-ABE2-94AE8A189AD1}"
EndProject
Project("{FAE04EC0-301F-11D3-BF4B-00C04F79EFBC}") = "Series-Of-Letters", "Series-Of-Letters\Series-Of-Letters.csproj", "{B682F89A-BD8D-4922-AB2F-DC86274EAFDF}"
EndProject
Project("{FAE04EC0-301F-11D3-BF4B-00C04F79EFBC}") = "Replace-Tag-A", "Replace-Tag-A\Replace-Tag-A.csproj", "{2E1AA7DD-FFD4-48B1-BD9B-C7A3F4D27207}"
EndProject
Project("{FAE04EC0-301F-11D3-BF4B-00C04F79EFBC}") = "Sentence-Extractor", "Sentence-Extractor\Sentence-Extractor.csproj", "{90118022-9930-4DA8-A596-1AE05DB25D04}"
EndProject
Project("{FAE04EC0-301F-11D3-BF4B-00C04F79EFBC}") = "Valid-Usernames", "Valid-Usernames\Valid-Usernames.csproj", "{C2F94907-254D-4F2A-B41D-DD5D34C17752}"
EndProject
Project("{FAE04EC0-301F-11D3-BF4B-00C04F79EFBC}") = "Extract-Hyperlinks", "Extract-Hyperlinks\Extract-Hyperlinks.csproj", "{BA2DEFE2-50A6-4048-BEA1-69F9EA0F5DEF}"
EndProject
Global
	GlobalSection(SolutionConfigurationPlatforms) = preSolution
		Debug|Any CPU = Debug|Any CPU
		Release|Any CPU = Release|Any CPU
	EndGlobalSection
	GlobalSection(ProjectConfigurationPlatforms) = postSolution
		{F28DCB07-850F-4591-9032-3CA89AD2C552}.Debug|Any CPU.ActiveCfg = Debug|Any CPU
		{F28DCB07-850F-4591-9032-3CA89AD2C552}.Debug|Any CPU.Build.0 = Debug|Any CPU
		{F28DCB07-850F-4591-9032-3CA89AD2C552}.Release|Any CPU.ActiveCfg = Release|Any CPU
		{F28DCB07-850F-4591-9032-3CA89AD2C552}.Release|Any CPU.Build.0 = Release|Any CPU
		{08A3E8BD-6258-4E38-844C-ED4FE070EE96}.Debug|Any CPU.ActiveCfg = Debug|Any CPU
		{08A3E8BD-6258-4E38-844C-ED4FE070EE96}.Debug|Any CPU.Build.0 = Debug|Any CPU
		{08A3E8BD-6258-4E38-844C-ED4FE070EE96}.Release|Any CPU.ActiveCfg = Release|Any CPU
		{08A3E8BD-6258-4E38-844C-ED4FE070EE96}.Release|Any CPU.Build.0 = Release|Any CPU
		{D106D575-0E68-4853-ABE2-94AE8A189AD1}.Debug|Any CPU.ActiveCfg = Debug|Any CPU
		{D106D575-0E68-4853-ABE2-94AE8A189AD1}.Debug|Any CPU.Build.0 = Debug|Any CPU
		{D106D575-0E68-4853-ABE2-94AE8A189AD1}.Release|Any CPU.ActiveCfg = Release|Any CPU
		{D106D575-0E68-4853-ABE2-94AE8A189AD1}.Release|Any CPU.Build.0 = Release|Any CPU
		{B682F89A-BD8D-4922-AB2F-DC86274EAFDF}.Debug|Any CPU.ActiveCfg = Debug|Any CPU
		{B682F89A-BD8D-4922-AB2F-DC86274EAFDF}.Debug|Any CPU.Build.0 = Debug|Any CPU
		{B682F89A-BD8D-4922-AB2F-DC86274EAFDF}.Release|Any CPU.ActiveCfg = Release|Any CPU
		{B682F89A-BD8D-4922-AB2F-DC86274EAFDF}.Release|Any CPU.Build.0 = Release|Any CPU
		{2E1AA7DD-FFD4-48B1-BD9B-C7A3F4D27207}.Debug|Any CPU.ActiveCfg = Debug|Any CPU
		{2E1AA7DD-FFD4-48B1-BD9B-C7A3F4D27207}.Debug|Any CPU.Build.0 = Debug|Any CPU
		{2E1AA7DD-FFD4-48B1-BD9B-C7A3F4D27207}.Release|Any CPU.ActiveCfg = Release|Any CPU
		{2E1AA7DD-FFD4-48B1-BD9B-C7A3F4D27207}.Release|Any CPU.Build.0 = Release|Any CPU
		{90118022-9930-4DA8-A596-1AE05DB25D04}.Debug|Any CPU.ActiveCfg = Debug|Any CPU
		{90118022-9930-4DA8-A596-1AE05DB25D04}.Debug|Any CPU.Build.0 = Debug|Any CPU
		{90118022-9930-4DA8-A596-1AE05DB25D04}.Release|Any CPU.ActiveCfg = Release|Any CPU
		{90118022-9930-4DA8-A596-1AE05DB25D04}.Release|Any CPU.Build.0 = Release|Any CPU
		{C2F94907-254D-4F2A-B41D-DD5D34C17752}.Debug|Any CPU.ActiveCfg = Debug|Any CPU
		{C2F94907-254D-4F2A-B41D-DD5D34C17752}.Debug|Any CPU.Build.0 = Debug|Any CPU
		{C2F94907-254D-4F2A-B41D-DD5D34C17752}.Release|Any CPU.ActiveCfg = Release|Any CPU
		{C2F94907-254D-4F2A-B41D-DD5D34C17752}.Release|Any CPU.Build.0 = Release|Any CPU
		{BA2DEFE2-50A6-4048-BEA1-69F9EA0F5DEF}.Debug|Any CPU.ActiveCfg = Debug|Any CPU
		{BA2DEFE2-50A6-4048-BEA1-69F9EA0F5DEF}.Debug|Any CPU.Build.0 = Debug|Any CPU
		{BA2DEFE2-50A6-4048-BEA1-69F9EA0F5DEF}.Release|Any CPU.ActiveCfg = Release|Any CPU
		{BA2DEFE2-50A6-4048-BEA1-69F9EA0F5DEF}.Release|Any CPU.Build.0 = Release|Any CPU
	EndGlobalSection
	GlobalSection(SolutionProperties) = preSolution
		HideSolutionNode = FALSE
	EndGlobalSection
EndGlobal
