
Microsoft Visual Studio Solution File, Format Version 12.00
# Visual Studio 15
VisualStudioVersion = 15.0.26430.13
MinimumVisualStudioVersion = 10.0.40219.1
Project("{FAE04EC0-301F-11D3-BF4B-00C04F79EFBC}") = "Extract-Emails", "Extract-Emails\Extract-Emails.csproj", "{F28DCB07-850F-4591-9032-3CA89AD2C552}"
EndProject
Global
	GlobalSection(SolutionConfigurationPlatforms) = preSolution
		Debug|Any CPU = Debug|Any CPU
		Release|Any CPU = Release|Any CPU
	EndGlobalSection
	GlobalSection(ProjectConfigurationPlatforms) = postSolution
		{F28DCB07-850F-4591-9032-3CA89AD2C552}.Debug|Any CPU.ActiveCfg = Debug|Any CPU
		{F28DCB07-850F-4591-9032-3CA89AD2C552}.Debug|Any CPU.Build.0 = Debug|Any CPU
		{F28DCB07-850F-4591-9032-3CA89AD2C552}.Release|Any CPU.ActiveCfg = Release|Any CPU
		{F28DCB07-850F-4591-9032-3CA89AD2C552}.Release|Any CPU.Build.0 = Release|Any CPU
	EndGlobalSection
	GlobalSection(SolutionProperties) = preSolution
		HideSolutionNode = FALSE
	EndGlobalSection
EndGlobal
