
Microsoft Visual Studio Solution File, Format Version 12.00
# Visual Studio 15
VisualStudioVersion = 15.0.26430.12
MinimumVisualStudioVersion = 10.0.40219.1
Project("{FAE04EC0-301F-11D3-BF4B-00C04F79EFBC}") = "Odd-Lines", "Odd-Lines\Odd-Lines.csproj", "{31879ED5-FD95-4DA5-B1D6-D72E3D9ACFAB}"
EndProject
Project("{FAE04EC0-301F-11D3-BF4B-00C04F79EFBC}") = "Line-Numbers", "Line-Numbers\Line-Numbers.csproj", "{D9ACAFC9-6573-42B8-BEE2-77BBBE690E49}"
EndProject
Project("{FAE04EC0-301F-11D3-BF4B-00C04F79EFBC}") = "Word-Count", "Word-Count\Word-Count.csproj", "{BABE670F-4F82-4429-8EDF-36E21D23A870}"
EndProject
Global
	GlobalSection(SolutionConfigurationPlatforms) = preSolution
		Debug|Any CPU = Debug|Any CPU
		Release|Any CPU = Release|Any CPU
	EndGlobalSection
	GlobalSection(ProjectConfigurationPlatforms) = postSolution
		{31879ED5-FD95-4DA5-B1D6-D72E3D9ACFAB}.Debug|Any CPU.ActiveCfg = Debug|Any CPU
		{31879ED5-FD95-4DA5-B1D6-D72E3D9ACFAB}.Debug|Any CPU.Build.0 = Debug|Any CPU
		{31879ED5-FD95-4DA5-B1D6-D72E3D9ACFAB}.Release|Any CPU.ActiveCfg = Release|Any CPU
		{31879ED5-FD95-4DA5-B1D6-D72E3D9ACFAB}.Release|Any CPU.Build.0 = Release|Any CPU
		{D9ACAFC9-6573-42B8-BEE2-77BBBE690E49}.Debug|Any CPU.ActiveCfg = Debug|Any CPU
		{D9ACAFC9-6573-42B8-BEE2-77BBBE690E49}.Debug|Any CPU.Build.0 = Debug|Any CPU
		{D9ACAFC9-6573-42B8-BEE2-77BBBE690E49}.Release|Any CPU.ActiveCfg = Release|Any CPU
		{D9ACAFC9-6573-42B8-BEE2-77BBBE690E49}.Release|Any CPU.Build.0 = Release|Any CPU
		{BABE670F-4F82-4429-8EDF-36E21D23A870}.Debug|Any CPU.ActiveCfg = Debug|Any CPU
		{BABE670F-4F82-4429-8EDF-36E21D23A870}.Debug|Any CPU.Build.0 = Debug|Any CPU
		{BABE670F-4F82-4429-8EDF-36E21D23A870}.Release|Any CPU.ActiveCfg = Release|Any CPU
		{BABE670F-4F82-4429-8EDF-36E21D23A870}.Release|Any CPU.Build.0 = Release|Any CPU
	EndGlobalSection
	GlobalSection(SolutionProperties) = preSolution
		HideSolutionNode = FALSE
	EndGlobalSection
EndGlobal
