
Microsoft Visual Studio Solution File, Format Version 12.00
# Visual Studio 15
VisualStudioVersion = 15.0.26430.13
MinimumVisualStudioVersion = 10.0.40219.1
Project("{FAE04EC0-301F-11D3-BF4B-00C04F79EFBC}") = "Action-Print", "Action-Print\Action-Print.csproj", "{B7DBBF84-21FD-405A-9EC7-33C7D29DD5B8}"
EndProject
Project("{FAE04EC0-301F-11D3-BF4B-00C04F79EFBC}") = "Knights-Of-Honor", "Knights-Of-Honor\Knights-Of-Honor.csproj", "{01768BEC-A195-4E22-A522-03E164740A13}"
EndProject
Project("{FAE04EC0-301F-11D3-BF4B-00C04F79EFBC}") = "Custom-Min-Function", "Custom-Min-Function\Custom-Min-Function.csproj", "{04E33FC5-1AA9-4CB8-827E-FC6D4F127C83}"
EndProject
Project("{FAE04EC0-301F-11D3-BF4B-00C04F79EFBC}") = "Find-Evens-Or-Odds", "Find-Evens-Or-Odds\Find-Evens-Or-Odds.csproj", "{0E3764ED-0414-42E1-BF04-5C30BE1858CB}"
EndProject
Project("{FAE04EC0-301F-11D3-BF4B-00C04F79EFBC}") = "Applied-Arithmetics", "Applied-Arithmetics\Applied-Arithmetics.csproj", "{2BDC4953-35F8-405E-84C1-4F7B63EC56BD}"
EndProject
Project("{FAE04EC0-301F-11D3-BF4B-00C04F79EFBC}") = "Reverse-And-Exclude", "Reverse-And-Exclude\Reverse-And-Exclude.csproj", "{6EBFDCE4-7F74-42DA-9E60-AD9C0022FF8E}"
EndProject
Project("{FAE04EC0-301F-11D3-BF4B-00C04F79EFBC}") = "Predicate-For-Names", "Predicate-For-Names\Predicate-For-Names.csproj", "{14608465-C84C-4644-A747-A4A1C040F02C}"
EndProject
Project("{FAE04EC0-301F-11D3-BF4B-00C04F79EFBC}") = "Custom-Comparator", "Custom-Comparator\Custom-Comparator.csproj", "{D520F900-9803-465B-8E17-8F896F95218B}"
EndProject
Global
	GlobalSection(SolutionConfigurationPlatforms) = preSolution
		Debug|Any CPU = Debug|Any CPU
		Release|Any CPU = Release|Any CPU
	EndGlobalSection
	GlobalSection(ProjectConfigurationPlatforms) = postSolution
		{B7DBBF84-21FD-405A-9EC7-33C7D29DD5B8}.Debug|Any CPU.ActiveCfg = Debug|Any CPU
		{B7DBBF84-21FD-405A-9EC7-33C7D29DD5B8}.Debug|Any CPU.Build.0 = Debug|Any CPU
		{B7DBBF84-21FD-405A-9EC7-33C7D29DD5B8}.Release|Any CPU.ActiveCfg = Release|Any CPU
		{B7DBBF84-21FD-405A-9EC7-33C7D29DD5B8}.Release|Any CPU.Build.0 = Release|Any CPU
		{01768BEC-A195-4E22-A522-03E164740A13}.Debug|Any CPU.ActiveCfg = Debug|Any CPU
		{01768BEC-A195-4E22-A522-03E164740A13}.Debug|Any CPU.Build.0 = Debug|Any CPU
		{01768BEC-A195-4E22-A522-03E164740A13}.Release|Any CPU.ActiveCfg = Release|Any CPU
		{01768BEC-A195-4E22-A522-03E164740A13}.Release|Any CPU.Build.0 = Release|Any CPU
		{04E33FC5-1AA9-4CB8-827E-FC6D4F127C83}.Debug|Any CPU.ActiveCfg = Debug|Any CPU
		{04E33FC5-1AA9-4CB8-827E-FC6D4F127C83}.Debug|Any CPU.Build.0 = Debug|Any CPU
		{04E33FC5-1AA9-4CB8-827E-FC6D4F127C83}.Release|Any CPU.ActiveCfg = Release|Any CPU
		{04E33FC5-1AA9-4CB8-827E-FC6D4F127C83}.Release|Any CPU.Build.0 = Release|Any CPU
		{0E3764ED-0414-42E1-BF04-5C30BE1858CB}.Debug|Any CPU.ActiveCfg = Debug|Any CPU
		{0E3764ED-0414-42E1-BF04-5C30BE1858CB}.Debug|Any CPU.Build.0 = Debug|Any CPU
		{0E3764ED-0414-42E1-BF04-5C30BE1858CB}.Release|Any CPU.ActiveCfg = Release|Any CPU
		{0E3764ED-0414-42E1-BF04-5C30BE1858CB}.Release|Any CPU.Build.0 = Release|Any CPU
		{2BDC4953-35F8-405E-84C1-4F7B63EC56BD}.Debug|Any CPU.ActiveCfg = Debug|Any CPU
		{2BDC4953-35F8-405E-84C1-4F7B63EC56BD}.Debug|Any CPU.Build.0 = Debug|Any CPU
		{2BDC4953-35F8-405E-84C1-4F7B63EC56BD}.Release|Any CPU.ActiveCfg = Release|Any CPU
		{2BDC4953-35F8-405E-84C1-4F7B63EC56BD}.Release|Any CPU.Build.0 = Release|Any CPU
		{6EBFDCE4-7F74-42DA-9E60-AD9C0022FF8E}.Debug|Any CPU.ActiveCfg = Debug|Any CPU
		{6EBFDCE4-7F74-42DA-9E60-AD9C0022FF8E}.Debug|Any CPU.Build.0 = Debug|Any CPU
		{6EBFDCE4-7F74-42DA-9E60-AD9C0022FF8E}.Release|Any CPU.ActiveCfg = Release|Any CPU
		{6EBFDCE4-7F74-42DA-9E60-AD9C0022FF8E}.Release|Any CPU.Build.0 = Release|Any CPU
		{14608465-C84C-4644-A747-A4A1C040F02C}.Debug|Any CPU.ActiveCfg = Debug|Any CPU
		{14608465-C84C-4644-A747-A4A1C040F02C}.Debug|Any CPU.Build.0 = Debug|Any CPU
		{14608465-C84C-4644-A747-A4A1C040F02C}.Release|Any CPU.ActiveCfg = Release|Any CPU
		{14608465-C84C-4644-A747-A4A1C040F02C}.Release|Any CPU.Build.0 = Release|Any CPU
		{D520F900-9803-465B-8E17-8F896F95218B}.Debug|Any CPU.ActiveCfg = Debug|Any CPU
		{D520F900-9803-465B-8E17-8F896F95218B}.Debug|Any CPU.Build.0 = Debug|Any CPU
		{D520F900-9803-465B-8E17-8F896F95218B}.Release|Any CPU.ActiveCfg = Release|Any CPU
		{D520F900-9803-465B-8E17-8F896F95218B}.Release|Any CPU.Build.0 = Release|Any CPU
	EndGlobalSection
	GlobalSection(SolutionProperties) = preSolution
		HideSolutionNode = FALSE
	EndGlobalSection
EndGlobal
