
Microsoft Visual Studio Solution File, Format Version 12.00
# Visual Studio 15
VisualStudioVersion = 15.0.26430.14
MinimumVisualStudioVersion = 10.0.40219.1
Project("{FAE04EC0-301F-11D3-BF4B-00C04F79EFBC}") = "Person", "Person\Person.csproj", "{30F4315B-64D4-44A0-8554-F0E6E8137C83}"
EndProject
Global
	GlobalSection(SolutionConfigurationPlatforms) = preSolution
		Debug|Any CPU = Debug|Any CPU
		Release|Any CPU = Release|Any CPU
	EndGlobalSection
	GlobalSection(ProjectConfigurationPlatforms) = postSolution
		{30F4315B-64D4-44A0-8554-F0E6E8137C83}.Debug|Any CPU.ActiveCfg = Debug|Any CPU
		{30F4315B-64D4-44A0-8554-F0E6E8137C83}.Debug|Any CPU.Build.0 = Debug|Any CPU
		{30F4315B-64D4-44A0-8554-F0E6E8137C83}.Release|Any CPU.ActiveCfg = Release|Any CPU
		{30F4315B-64D4-44A0-8554-F0E6E8137C83}.Release|Any CPU.Build.0 = Release|Any CPU
	EndGlobalSection
	GlobalSection(SolutionProperties) = preSolution
		HideSolutionNode = FALSE
	EndGlobalSection
EndGlobal
