
Microsoft Visual Studio Solution File, Format Version 12.00
# Visual Studio 15
VisualStudioVersion = 15.0.26430.12
MinimumVisualStudioVersion = 10.0.40219.1
Project("{FAE04EC0-301F-11D3-BF4B-00C04F79EFBC}") = "Students-Results", "Students-Results\Students-Results.csproj", "{FE5ECDC0-017E-43DA-A771-1E59AE19E773}"
EndProject
Project("{FAE04EC0-301F-11D3-BF4B-00C04F79EFBC}") = "Parse-Url", "Parse-Url\Parse-Url.csproj", "{8B7CA211-F36E-4648-B76B-D882F42451EB}"
EndProject
Project("{FAE04EC0-301F-11D3-BF4B-00C04F79EFBC}") = "Parse-Tags", "Parse-Tags\Parse-Tags.csproj", "{06461281-CEC6-40EF-8C68-7799C41D9ADB}"
EndProject
Project("{FAE04EC0-301F-11D3-BF4B-00C04F79EFBC}") = "Special-Words", "Special-Words\Special-Words.csproj", "{72E61982-C9F2-4BC7-A305-095D96A47767}"
EndProject
Global
	GlobalSection(SolutionConfigurationPlatforms) = preSolution
		Debug|Any CPU = Debug|Any CPU
		Release|Any CPU = Release|Any CPU
	EndGlobalSection
	GlobalSection(ProjectConfigurationPlatforms) = postSolution
		{FE5ECDC0-017E-43DA-A771-1E59AE19E773}.Debug|Any CPU.ActiveCfg = Debug|Any CPU
		{FE5ECDC0-017E-43DA-A771-1E59AE19E773}.Debug|Any CPU.Build.0 = Debug|Any CPU
		{FE5ECDC0-017E-43DA-A771-1E59AE19E773}.Release|Any CPU.ActiveCfg = Release|Any CPU
		{FE5ECDC0-017E-43DA-A771-1E59AE19E773}.Release|Any CPU.Build.0 = Release|Any CPU
		{8B7CA211-F36E-4648-B76B-D882F42451EB}.Debug|Any CPU.ActiveCfg = Debug|Any CPU
		{8B7CA211-F36E-4648-B76B-D882F42451EB}.Debug|Any CPU.Build.0 = Debug|Any CPU
		{8B7CA211-F36E-4648-B76B-D882F42451EB}.Release|Any CPU.ActiveCfg = Release|Any CPU
		{8B7CA211-F36E-4648-B76B-D882F42451EB}.Release|Any CPU.Build.0 = Release|Any CPU
		{06461281-CEC6-40EF-8C68-7799C41D9ADB}.Debug|Any CPU.ActiveCfg = Debug|Any CPU
		{06461281-CEC6-40EF-8C68-7799C41D9ADB}.Debug|Any CPU.Build.0 = Debug|Any CPU
		{06461281-CEC6-40EF-8C68-7799C41D9ADB}.Release|Any CPU.ActiveCfg = Release|Any CPU
		{06461281-CEC6-40EF-8C68-7799C41D9ADB}.Release|Any CPU.Build.0 = Release|Any CPU
		{72E61982-C9F2-4BC7-A305-095D96A47767}.Debug|Any CPU.ActiveCfg = Debug|Any CPU
		{72E61982-C9F2-4BC7-A305-095D96A47767}.Debug|Any CPU.Build.0 = Debug|Any CPU
		{72E61982-C9F2-4BC7-A305-095D96A47767}.Release|Any CPU.ActiveCfg = Release|Any CPU
		{72E61982-C9F2-4BC7-A305-095D96A47767}.Release|Any CPU.Build.0 = Release|Any CPU
	EndGlobalSection
	GlobalSection(SolutionProperties) = preSolution
		HideSolutionNode = FALSE
	EndGlobalSection
EndGlobal
