
Microsoft Visual Studio Solution File, Format Version 12.00
# Visual Studio 15
VisualStudioVersion = 15.0.26430.12
MinimumVisualStudioVersion = 10.0.40219.1
Project("{FAE04EC0-301F-11D3-BF4B-00C04F79EFBC}") = "Matrix-Of-Palindromes", "Matrix-Of-Palindromes\Matrix-Of-Palindromes.csproj", "{4B266CEC-6F87-42FB-A480-1646D5CC0E31}"
EndProject
Project("{FAE04EC0-301F-11D3-BF4B-00C04F79EFBC}") = "Diagonal-Difference", "Diagonal-Difference\Diagonal-Difference.csproj", "{BA612E91-E8A3-4D80-AB54-A1954CEEB1C3}"
EndProject
Project("{FAE04EC0-301F-11D3-BF4B-00C04F79EFBC}") = "Squares-In-Matrix", "Squares-In-Matrix\Squares-In-Matrix.csproj", "{AB9490FF-96A7-4575-9E69-13E3E583D6CB}"
EndProject
Project("{FAE04EC0-301F-11D3-BF4B-00C04F79EFBC}") = "Maximal-Sum", "Maximal-Sum\Maximal-Sum.csproj", "{015E83FA-1B22-4157-B039-7B65C2B69B13}"
EndProject
Project("{FAE04EC0-301F-11D3-BF4B-00C04F79EFBC}") = "Rubiks-Matrix", "Rubiks-Matrix\Rubiks-Matrix.csproj", "{7FB7E4BA-1E5F-4D9F-825A-F74251C313DD}"
EndProject
Project("{FAE04EC0-301F-11D3-BF4B-00C04F79EFBC}") = "Target-Practice", "Target-Practice\Target-Practice.csproj", "{56AA7FA3-4E00-4074-8E09-15C5B8DD5A1A}"
EndProject
Project("{FAE04EC0-301F-11D3-BF4B-00C04F79EFBC}") = "Lego-Blocks", "Lego-Blocks\Lego-Blocks.csproj", "{B14032BF-2ABE-4615-AB33-6EE7F8F09133}"
EndProject
Project("{FAE04EC0-301F-11D3-BF4B-00C04F79EFBC}") = "Radioactive-Mutant-Vampire-Bunnies", "Radioactive-Mutant-Vampire-Bunnies\Radioactive-Mutant-Vampire-Bunnies.csproj", "{2EB1BA15-6676-42B1-999E-3EC2EF6E7DE8}"
EndProject
Project("{FAE04EC0-301F-11D3-BF4B-00C04F79EFBC}") = "Crossfire", "Crossfire\Crossfire.csproj", "{3746BA57-E0DC-4BF2-953D-9CD9473ADBD7}"
EndProject
Project("{FAE04EC0-301F-11D3-BF4B-00C04F79EFBC}") = "The-Heigan-Dance", "The-Heigan-Dance\The-Heigan-Dance.csproj", "{418A7DC9-ACD1-4F11-B0C1-9ED21536FC9E}"
EndProject
Global
	GlobalSection(SolutionConfigurationPlatforms) = preSolution
		Debug|Any CPU = Debug|Any CPU
		Release|Any CPU = Release|Any CPU
	EndGlobalSection
	GlobalSection(ProjectConfigurationPlatforms) = postSolution
		{4B266CEC-6F87-42FB-A480-1646D5CC0E31}.Debug|Any CPU.ActiveCfg = Debug|Any CPU
		{4B266CEC-6F87-42FB-A480-1646D5CC0E31}.Debug|Any CPU.Build.0 = Debug|Any CPU
		{4B266CEC-6F87-42FB-A480-1646D5CC0E31}.Release|Any CPU.ActiveCfg = Release|Any CPU
		{4B266CEC-6F87-42FB-A480-1646D5CC0E31}.Release|Any CPU.Build.0 = Release|Any CPU
		{BA612E91-E8A3-4D80-AB54-A1954CEEB1C3}.Debug|Any CPU.ActiveCfg = Debug|Any CPU
		{BA612E91-E8A3-4D80-AB54-A1954CEEB1C3}.Debug|Any CPU.Build.0 = Debug|Any CPU
		{BA612E91-E8A3-4D80-AB54-A1954CEEB1C3}.Release|Any CPU.ActiveCfg = Release|Any CPU
		{BA612E91-E8A3-4D80-AB54-A1954CEEB1C3}.Release|Any CPU.Build.0 = Release|Any CPU
		{AB9490FF-96A7-4575-9E69-13E3E583D6CB}.Debug|Any CPU.ActiveCfg = Debug|Any CPU
		{AB9490FF-96A7-4575-9E69-13E3E583D6CB}.Debug|Any CPU.Build.0 = Debug|Any CPU
		{AB9490FF-96A7-4575-9E69-13E3E583D6CB}.Release|Any CPU.ActiveCfg = Release|Any CPU
		{AB9490FF-96A7-4575-9E69-13E3E583D6CB}.Release|Any CPU.Build.0 = Release|Any CPU
		{015E83FA-1B22-4157-B039-7B65C2B69B13}.Debug|Any CPU.ActiveCfg = Debug|Any CPU
		{015E83FA-1B22-4157-B039-7B65C2B69B13}.Debug|Any CPU.Build.0 = Debug|Any CPU
		{015E83FA-1B22-4157-B039-7B65C2B69B13}.Release|Any CPU.ActiveCfg = Release|Any CPU
		{015E83FA-1B22-4157-B039-7B65C2B69B13}.Release|Any CPU.Build.0 = Release|Any CPU
		{7FB7E4BA-1E5F-4D9F-825A-F74251C313DD}.Debug|Any CPU.ActiveCfg = Debug|Any CPU
		{7FB7E4BA-1E5F-4D9F-825A-F74251C313DD}.Debug|Any CPU.Build.0 = Debug|Any CPU
		{7FB7E4BA-1E5F-4D9F-825A-F74251C313DD}.Release|Any CPU.ActiveCfg = Release|Any CPU
		{7FB7E4BA-1E5F-4D9F-825A-F74251C313DD}.Release|Any CPU.Build.0 = Release|Any CPU
		{56AA7FA3-4E00-4074-8E09-15C5B8DD5A1A}.Debug|Any CPU.ActiveCfg = Debug|Any CPU
		{56AA7FA3-4E00-4074-8E09-15C5B8DD5A1A}.Debug|Any CPU.Build.0 = Debug|Any CPU
		{56AA7FA3-4E00-4074-8E09-15C5B8DD5A1A}.Release|Any CPU.ActiveCfg = Release|Any CPU
		{56AA7FA3-4E00-4074-8E09-15C5B8DD5A1A}.Release|Any CPU.Build.0 = Release|Any CPU
		{B14032BF-2ABE-4615-AB33-6EE7F8F09133}.Debug|Any CPU.ActiveCfg = Debug|Any CPU
		{B14032BF-2ABE-4615-AB33-6EE7F8F09133}.Debug|Any CPU.Build.0 = Debug|Any CPU
		{B14032BF-2ABE-4615-AB33-6EE7F8F09133}.Release|Any CPU.ActiveCfg = Release|Any CPU
		{B14032BF-2ABE-4615-AB33-6EE7F8F09133}.Release|Any CPU.Build.0 = Release|Any CPU
		{2EB1BA15-6676-42B1-999E-3EC2EF6E7DE8}.Debug|Any CPU.ActiveCfg = Debug|Any CPU
		{2EB1BA15-6676-42B1-999E-3EC2EF6E7DE8}.Debug|Any CPU.Build.0 = Debug|Any CPU
		{2EB1BA15-6676-42B1-999E-3EC2EF6E7DE8}.Release|Any CPU.ActiveCfg = Release|Any CPU
		{2EB1BA15-6676-42B1-999E-3EC2EF6E7DE8}.Release|Any CPU.Build.0 = Release|Any CPU
		{3746BA57-E0DC-4BF2-953D-9CD9473ADBD7}.Debug|Any CPU.ActiveCfg = Debug|Any CPU
		{3746BA57-E0DC-4BF2-953D-9CD9473ADBD7}.Debug|Any CPU.Build.0 = Debug|Any CPU
		{3746BA57-E0DC-4BF2-953D-9CD9473ADBD7}.Release|Any CPU.ActiveCfg = Release|Any CPU
		{3746BA57-E0DC-4BF2-953D-9CD9473ADBD7}.Release|Any CPU.Build.0 = Release|Any CPU
		{418A7DC9-ACD1-4F11-B0C1-9ED21536FC9E}.Debug|Any CPU.ActiveCfg = Debug|Any CPU
		{418A7DC9-ACD1-4F11-B0C1-9ED21536FC9E}.Debug|Any CPU.Build.0 = Debug|Any CPU
		{418A7DC9-ACD1-4F11-B0C1-9ED21536FC9E}.Release|Any CPU.ActiveCfg = Release|Any CPU
		{418A7DC9-ACD1-4F11-B0C1-9ED21536FC9E}.Release|Any CPU.Build.0 = Release|Any CPU
	EndGlobalSection
	GlobalSection(SolutionProperties) = preSolution
		HideSolutionNode = FALSE
	EndGlobalSection
EndGlobal
