
Microsoft Visual Studio Solution File, Format Version 12.00
# Visual Studio 14
VisualStudioVersion = 14.0.25420.1
MinimumVisualStudioVersion = 10.0.40219.1
Project("{FAE04EC0-301F-11D3-BF4B-00C04F79EFBC}") = "Initial-Setup", "Initial-Setup\Initial-Setup.csproj", "{4308DDCF-C8BD-4096-845F-67B98D70F386}"
EndProject
Project("{FAE04EC0-301F-11D3-BF4B-00C04F79EFBC}") = "Get-Villains-Names", "Get-Villains-Names\Get-Villains-Names.csproj", "{7D2FDFF3-19C2-4999-BDEF-1C76EBA7E079}"
EndProject
Project("{FAE04EC0-301F-11D3-BF4B-00C04F79EFBC}") = "Get-Minion-Names", "Get-Minion-Names\Get-Minion-Names.csproj", "{1C96CE29-29ED-4639-9026-C600A9681456}"
EndProject
Project("{FAE04EC0-301F-11D3-BF4B-00C04F79EFBC}") = "Add-Minion", "Add-Minion\Add-Minion.csproj", "{9CE2C718-C566-443D-9221-D96749EB844A}"
EndProject
Project("{FAE04EC0-301F-11D3-BF4B-00C04F79EFBC}") = "Change-Town-Names-Casing", "Change-Town-Names-Casing\Change-Town-Names-Casing.csproj", "{2837BE6C-72B8-4BA8-BBB1-E592CAB784F6}"
EndProject
Project("{FAE04EC0-301F-11D3-BF4B-00C04F79EFBC}") = "Remove-Villain", "Remove-Villain\Remove-Villain.csproj", "{1619A790-FC36-4F89-A8BD-0579383C43EE}"
EndProject
Project("{FAE04EC0-301F-11D3-BF4B-00C04F79EFBC}") = "Print-All-Minion-Names", "Print-All-Minion-Names\Print-All-Minion-Names.csproj", "{55247F75-F963-4852-8C04-3B6A9D3C5414}"
EndProject
Global
	GlobalSection(SolutionConfigurationPlatforms) = preSolution
		Debug|Any CPU = Debug|Any CPU
		Release|Any CPU = Release|Any CPU
	EndGlobalSection
	GlobalSection(ProjectConfigurationPlatforms) = postSolution
		{4308DDCF-C8BD-4096-845F-67B98D70F386}.Debug|Any CPU.ActiveCfg = Debug|Any CPU
		{4308DDCF-C8BD-4096-845F-67B98D70F386}.Debug|Any CPU.Build.0 = Debug|Any CPU
		{4308DDCF-C8BD-4096-845F-67B98D70F386}.Release|Any CPU.ActiveCfg = Release|Any CPU
		{4308DDCF-C8BD-4096-845F-67B98D70F386}.Release|Any CPU.Build.0 = Release|Any CPU
		{7D2FDFF3-19C2-4999-BDEF-1C76EBA7E079}.Debug|Any CPU.ActiveCfg = Debug|Any CPU
		{7D2FDFF3-19C2-4999-BDEF-1C76EBA7E079}.Debug|Any CPU.Build.0 = Debug|Any CPU
		{7D2FDFF3-19C2-4999-BDEF-1C76EBA7E079}.Release|Any CPU.ActiveCfg = Release|Any CPU
		{7D2FDFF3-19C2-4999-BDEF-1C76EBA7E079}.Release|Any CPU.Build.0 = Release|Any CPU
		{1C96CE29-29ED-4639-9026-C600A9681456}.Debug|Any CPU.ActiveCfg = Debug|Any CPU
		{1C96CE29-29ED-4639-9026-C600A9681456}.Debug|Any CPU.Build.0 = Debug|Any CPU
		{1C96CE29-29ED-4639-9026-C600A9681456}.Release|Any CPU.ActiveCfg = Release|Any CPU
		{1C96CE29-29ED-4639-9026-C600A9681456}.Release|Any CPU.Build.0 = Release|Any CPU
		{9CE2C718-C566-443D-9221-D96749EB844A}.Debug|Any CPU.ActiveCfg = Debug|Any CPU
		{9CE2C718-C566-443D-9221-D96749EB844A}.Debug|Any CPU.Build.0 = Debug|Any CPU
		{9CE2C718-C566-443D-9221-D96749EB844A}.Release|Any CPU.ActiveCfg = Release|Any CPU
		{9CE2C718-C566-443D-9221-D96749EB844A}.Release|Any CPU.Build.0 = Release|Any CPU
		{2837BE6C-72B8-4BA8-BBB1-E592CAB784F6}.Debug|Any CPU.ActiveCfg = Debug|Any CPU
		{2837BE6C-72B8-4BA8-BBB1-E592CAB784F6}.Debug|Any CPU.Build.0 = Debug|Any CPU
		{2837BE6C-72B8-4BA8-BBB1-E592CAB784F6}.Release|Any CPU.ActiveCfg = Release|Any CPU
		{2837BE6C-72B8-4BA8-BBB1-E592CAB784F6}.Release|Any CPU.Build.0 = Release|Any CPU
		{1619A790-FC36-4F89-A8BD-0579383C43EE}.Debug|Any CPU.ActiveCfg = Debug|Any CPU
		{1619A790-FC36-4F89-A8BD-0579383C43EE}.Debug|Any CPU.Build.0 = Debug|Any CPU
		{1619A790-FC36-4F89-A8BD-0579383C43EE}.Release|Any CPU.ActiveCfg = Release|Any CPU
		{1619A790-FC36-4F89-A8BD-0579383C43EE}.Release|Any CPU.Build.0 = Release|Any CPU
		{55247F75-F963-4852-8C04-3B6A9D3C5414}.Debug|Any CPU.ActiveCfg = Debug|Any CPU
		{55247F75-F963-4852-8C04-3B6A9D3C5414}.Debug|Any CPU.Build.0 = Debug|Any CPU
		{55247F75-F963-4852-8C04-3B6A9D3C5414}.Release|Any CPU.ActiveCfg = Release|Any CPU
		{55247F75-F963-4852-8C04-3B6A9D3C5414}.Release|Any CPU.Build.0 = Release|Any CPU
	EndGlobalSection
	GlobalSection(SolutionProperties) = preSolution
		HideSolutionNode = FALSE
	EndGlobalSection
EndGlobal
