
Microsoft Visual Studio Solution File, Format Version 12.00
# Visual Studio 15
VisualStudioVersion = 15.0.26430.13
MinimumVisualStudioVersion = 10.0.40219.1
Project("{FAE04EC0-301F-11D3-BF4B-00C04F79EFBC}") = "Take-Two", "Take-Two\Take-Two.csproj", "{E47A1CE0-1BFB-48D9-AC98-B8774B550DC0}"
EndProject
Project("{FAE04EC0-301F-11D3-BF4B-00C04F79EFBC}") = "Upper-Strings", "Upper-Strings\Upper-Strings.csproj", "{809A4783-C23E-4814-B1D3-21038AD19C21}"
EndProject
Project("{FAE04EC0-301F-11D3-BF4B-00C04F79EFBC}") = "First-Name", "First-Name\First-Name.csproj", "{1DB59465-31E4-4DDE-B649-AE0BA81D5573}"
EndProject
Project("{FAE04EC0-301F-11D3-BF4B-00C04F79EFBC}") = "Average-Of-Doubles", "Average-Of-Doubles\Average-Of-Doubles.csproj", "{6A95DC9D-347A-4D5A-957E-F23465C7496C}"
EndProject
Project("{FAE04EC0-301F-11D3-BF4B-00C04F79EFBC}") = "Min-Even-Number", "Min-Even-Number\Min-Even-Number.csproj", "{63FB45D7-2970-4010-B55F-C8AE64DFE726}"
EndProject
Project("{FAE04EC0-301F-11D3-BF4B-00C04F79EFBC}") = "FindAnd-Sum-Integers", "FindAnd-Sum-Integers\FindAnd-Sum-Integers.csproj", "{7B9244F4-630D-409E-8FBB-E8C16E9CC52A}"
EndProject
Project("{FAE04EC0-301F-11D3-BF4B-00C04F79EFBC}") = "Bounded-Numbers", "Bounded-Numbers\Bounded-Numbers.csproj", "{61E14EB3-B560-4658-84F9-E4903C02ABC7}"
EndProject
Project("{FAE04EC0-301F-11D3-BF4B-00C04F79EFBC}") = "Map-Districts", "Map-Districts\Map-Districts.csproj", "{356B616A-B6E8-4894-99E8-0218D76E779C}"
EndProject
Global
	GlobalSection(SolutionConfigurationPlatforms) = preSolution
		Debug|Any CPU = Debug|Any CPU
		Release|Any CPU = Release|Any CPU
	EndGlobalSection
	GlobalSection(ProjectConfigurationPlatforms) = postSolution
		{E47A1CE0-1BFB-48D9-AC98-B8774B550DC0}.Debug|Any CPU.ActiveCfg = Debug|Any CPU
		{E47A1CE0-1BFB-48D9-AC98-B8774B550DC0}.Debug|Any CPU.Build.0 = Debug|Any CPU
		{E47A1CE0-1BFB-48D9-AC98-B8774B550DC0}.Release|Any CPU.ActiveCfg = Release|Any CPU
		{E47A1CE0-1BFB-48D9-AC98-B8774B550DC0}.Release|Any CPU.Build.0 = Release|Any CPU
		{809A4783-C23E-4814-B1D3-21038AD19C21}.Debug|Any CPU.ActiveCfg = Debug|Any CPU
		{809A4783-C23E-4814-B1D3-21038AD19C21}.Debug|Any CPU.Build.0 = Debug|Any CPU
		{809A4783-C23E-4814-B1D3-21038AD19C21}.Release|Any CPU.ActiveCfg = Release|Any CPU
		{809A4783-C23E-4814-B1D3-21038AD19C21}.Release|Any CPU.Build.0 = Release|Any CPU
		{1DB59465-31E4-4DDE-B649-AE0BA81D5573}.Debug|Any CPU.ActiveCfg = Debug|Any CPU
		{1DB59465-31E4-4DDE-B649-AE0BA81D5573}.Debug|Any CPU.Build.0 = Debug|Any CPU
		{1DB59465-31E4-4DDE-B649-AE0BA81D5573}.Release|Any CPU.ActiveCfg = Release|Any CPU
		{1DB59465-31E4-4DDE-B649-AE0BA81D5573}.Release|Any CPU.Build.0 = Release|Any CPU
		{6A95DC9D-347A-4D5A-957E-F23465C7496C}.Debug|Any CPU.ActiveCfg = Debug|Any CPU
		{6A95DC9D-347A-4D5A-957E-F23465C7496C}.Debug|Any CPU.Build.0 = Debug|Any CPU
		{6A95DC9D-347A-4D5A-957E-F23465C7496C}.Release|Any CPU.ActiveCfg = Release|Any CPU
		{6A95DC9D-347A-4D5A-957E-F23465C7496C}.Release|Any CPU.Build.0 = Release|Any CPU
		{63FB45D7-2970-4010-B55F-C8AE64DFE726}.Debug|Any CPU.ActiveCfg = Debug|Any CPU
		{63FB45D7-2970-4010-B55F-C8AE64DFE726}.Debug|Any CPU.Build.0 = Debug|Any CPU
		{63FB45D7-2970-4010-B55F-C8AE64DFE726}.Release|Any CPU.ActiveCfg = Release|Any CPU
		{63FB45D7-2970-4010-B55F-C8AE64DFE726}.Release|Any CPU.Build.0 = Release|Any CPU
		{7B9244F4-630D-409E-8FBB-E8C16E9CC52A}.Debug|Any CPU.ActiveCfg = Debug|Any CPU
		{7B9244F4-630D-409E-8FBB-E8C16E9CC52A}.Debug|Any CPU.Build.0 = Debug|Any CPU
		{7B9244F4-630D-409E-8FBB-E8C16E9CC52A}.Release|Any CPU.ActiveCfg = Release|Any CPU
		{7B9244F4-630D-409E-8FBB-E8C16E9CC52A}.Release|Any CPU.Build.0 = Release|Any CPU
		{61E14EB3-B560-4658-84F9-E4903C02ABC7}.Debug|Any CPU.ActiveCfg = Debug|Any CPU
		{61E14EB3-B560-4658-84F9-E4903C02ABC7}.Debug|Any CPU.Build.0 = Debug|Any CPU
		{61E14EB3-B560-4658-84F9-E4903C02ABC7}.Release|Any CPU.ActiveCfg = Release|Any CPU
		{61E14EB3-B560-4658-84F9-E4903C02ABC7}.Release|Any CPU.Build.0 = Release|Any CPU
		{356B616A-B6E8-4894-99E8-0218D76E779C}.Debug|Any CPU.ActiveCfg = Debug|Any CPU
		{356B616A-B6E8-4894-99E8-0218D76E779C}.Debug|Any CPU.Build.0 = Debug|Any CPU
		{356B616A-B6E8-4894-99E8-0218D76E779C}.Release|Any CPU.ActiveCfg = Release|Any CPU
		{356B616A-B6E8-4894-99E8-0218D76E779C}.Release|Any CPU.Build.0 = Release|Any CPU
	EndGlobalSection
	GlobalSection(SolutionProperties) = preSolution
		HideSolutionNode = FALSE
	EndGlobalSection
EndGlobal
