
Microsoft Visual Studio Solution File, Format Version 12.00
# Visual Studio 15
VisualStudioVersion = 15.0.26430.16
MinimumVisualStudioVersion = 10.0.40219.1
Project("{FAE04EC0-301F-11D3-BF4B-00C04F79EFBC}") = "Library", "Library\Library.csproj", "{53179BC0-FFD3-4118-BBAD-6897770D5A72}"
EndProject
Project("{FAE04EC0-301F-11D3-BF4B-00C04F79EFBC}") = "Library-Iterator", "Library-Iterator\Library-Iterator.csproj", "{904C1AF7-3C17-427D-8F04-2E4D92A0C5F5}"
EndProject
Project("{FAE04EC0-301F-11D3-BF4B-00C04F79EFBC}") = "Comparable-Book", "Comparable-Book\Comparable-Book.csproj", "{88CFF6CF-4DC0-40A3-BBF1-4F51FC17B5AF}"
EndProject
Project("{FAE04EC0-301F-11D3-BF4B-00C04F79EFBC}") = "Book-Comparer", "Book-Comparer\Book-Comparer.csproj", "{7B0FEF32-367C-4757-82BD-AA0FA3B3AA6A}"
EndProject
Global
	GlobalSection(SolutionConfigurationPlatforms) = preSolution
		Debug|Any CPU = Debug|Any CPU
		Release|Any CPU = Release|Any CPU
	EndGlobalSection
	GlobalSection(ProjectConfigurationPlatforms) = postSolution
		{53179BC0-FFD3-4118-BBAD-6897770D5A72}.Debug|Any CPU.ActiveCfg = Debug|Any CPU
		{53179BC0-FFD3-4118-BBAD-6897770D5A72}.Debug|Any CPU.Build.0 = Debug|Any CPU
		{53179BC0-FFD3-4118-BBAD-6897770D5A72}.Release|Any CPU.ActiveCfg = Release|Any CPU
		{53179BC0-FFD3-4118-BBAD-6897770D5A72}.Release|Any CPU.Build.0 = Release|Any CPU
		{904C1AF7-3C17-427D-8F04-2E4D92A0C5F5}.Debug|Any CPU.ActiveCfg = Debug|Any CPU
		{904C1AF7-3C17-427D-8F04-2E4D92A0C5F5}.Debug|Any CPU.Build.0 = Debug|Any CPU
		{904C1AF7-3C17-427D-8F04-2E4D92A0C5F5}.Release|Any CPU.ActiveCfg = Release|Any CPU
		{904C1AF7-3C17-427D-8F04-2E4D92A0C5F5}.Release|Any CPU.Build.0 = Release|Any CPU
		{88CFF6CF-4DC0-40A3-BBF1-4F51FC17B5AF}.Debug|Any CPU.ActiveCfg = Debug|Any CPU
		{88CFF6CF-4DC0-40A3-BBF1-4F51FC17B5AF}.Debug|Any CPU.Build.0 = Debug|Any CPU
		{88CFF6CF-4DC0-40A3-BBF1-4F51FC17B5AF}.Release|Any CPU.ActiveCfg = Release|Any CPU
		{88CFF6CF-4DC0-40A3-BBF1-4F51FC17B5AF}.Release|Any CPU.Build.0 = Release|Any CPU
		{7B0FEF32-367C-4757-82BD-AA0FA3B3AA6A}.Debug|Any CPU.ActiveCfg = Debug|Any CPU
		{7B0FEF32-367C-4757-82BD-AA0FA3B3AA6A}.Debug|Any CPU.Build.0 = Debug|Any CPU
		{7B0FEF32-367C-4757-82BD-AA0FA3B3AA6A}.Release|Any CPU.ActiveCfg = Release|Any CPU
		{7B0FEF32-367C-4757-82BD-AA0FA3B3AA6A}.Release|Any CPU.Build.0 = Release|Any CPU
	EndGlobalSection
	GlobalSection(SolutionProperties) = preSolution
		HideSolutionNode = FALSE
	EndGlobalSection
EndGlobal
