
Microsoft Visual Studio Solution File, Format Version 12.00
# Visual Studio 15
VisualStudioVersion = 15.0.26430.13
MinimumVisualStudioVersion = 10.0.40219.1
Project("{FAE04EC0-301F-11D3-BF4B-00C04F79EFBC}") = "Reverse-String", "Reverse-String\Reverse-String.csproj", "{CFDDA73F-FEBF-4819-9C3B-C33849DE85D0}"
EndProject
Project("{FAE04EC0-301F-11D3-BF4B-00C04F79EFBC}") = "String-Length", "String-Length\String-Length.csproj", "{28824BF8-82BC-427D-9952-DD8D28E10920}"
EndProject
Project("{FAE04EC0-301F-11D3-BF4B-00C04F79EFBC}") = "Formatting-Numbers", "Formatting-Numbers\Formatting-Numbers.csproj", "{4B220D51-8973-41B8-A3D2-265F134ABD20}"
EndProject
Project("{FAE04EC0-301F-11D3-BF4B-00C04F79EFBC}") = "Convert-From-Base-Decimal-To-Base-N", "Convert-From-Base-Decimal-To-Base-N\Convert-From-Base-Decimal-To-Base-N.csproj", "{492C093D-CE6D-4273-BBE9-3BBAF22DA775}"
EndProject
Project("{FAE04EC0-301F-11D3-BF4B-00C04F79EFBC}") = "Convert-From-Base-N-To-Base-Decimal", "Convert-From-Base-N-To-Base-Decimal\Convert-From-Base-N-To-Base-Decimal.csproj", "{4DFD881F-31A5-4DC4-B2C0-3BC8D3B9A9CC}"
EndProject
Global
	GlobalSection(SolutionConfigurationPlatforms) = preSolution
		Debug|Any CPU = Debug|Any CPU
		Release|Any CPU = Release|Any CPU
	EndGlobalSection
	GlobalSection(ProjectConfigurationPlatforms) = postSolution
		{CFDDA73F-FEBF-4819-9C3B-C33849DE85D0}.Debug|Any CPU.ActiveCfg = Debug|Any CPU
		{CFDDA73F-FEBF-4819-9C3B-C33849DE85D0}.Debug|Any CPU.Build.0 = Debug|Any CPU
		{CFDDA73F-FEBF-4819-9C3B-C33849DE85D0}.Release|Any CPU.ActiveCfg = Release|Any CPU
		{CFDDA73F-FEBF-4819-9C3B-C33849DE85D0}.Release|Any CPU.Build.0 = Release|Any CPU
		{28824BF8-82BC-427D-9952-DD8D28E10920}.Debug|Any CPU.ActiveCfg = Debug|Any CPU
		{28824BF8-82BC-427D-9952-DD8D28E10920}.Debug|Any CPU.Build.0 = Debug|Any CPU
		{28824BF8-82BC-427D-9952-DD8D28E10920}.Release|Any CPU.ActiveCfg = Release|Any CPU
		{28824BF8-82BC-427D-9952-DD8D28E10920}.Release|Any CPU.Build.0 = Release|Any CPU
		{4B220D51-8973-41B8-A3D2-265F134ABD20}.Debug|Any CPU.ActiveCfg = Debug|Any CPU
		{4B220D51-8973-41B8-A3D2-265F134ABD20}.Debug|Any CPU.Build.0 = Debug|Any CPU
		{4B220D51-8973-41B8-A3D2-265F134ABD20}.Release|Any CPU.ActiveCfg = Release|Any CPU
		{4B220D51-8973-41B8-A3D2-265F134ABD20}.Release|Any CPU.Build.0 = Release|Any CPU
		{492C093D-CE6D-4273-BBE9-3BBAF22DA775}.Debug|Any CPU.ActiveCfg = Debug|Any CPU
		{492C093D-CE6D-4273-BBE9-3BBAF22DA775}.Debug|Any CPU.Build.0 = Debug|Any CPU
		{492C093D-CE6D-4273-BBE9-3BBAF22DA775}.Release|Any CPU.ActiveCfg = Release|Any CPU
		{492C093D-CE6D-4273-BBE9-3BBAF22DA775}.Release|Any CPU.Build.0 = Release|Any CPU
		{4DFD881F-31A5-4DC4-B2C0-3BC8D3B9A9CC}.Debug|Any CPU.ActiveCfg = Debug|Any CPU
		{4DFD881F-31A5-4DC4-B2C0-3BC8D3B9A9CC}.Debug|Any CPU.Build.0 = Debug|Any CPU
		{4DFD881F-31A5-4DC4-B2C0-3BC8D3B9A9CC}.Release|Any CPU.ActiveCfg = Release|Any CPU
		{4DFD881F-31A5-4DC4-B2C0-3BC8D3B9A9CC}.Release|Any CPU.Build.0 = Release|Any CPU
	EndGlobalSection
	GlobalSection(SolutionProperties) = preSolution
		HideSolutionNode = FALSE
	EndGlobalSection
EndGlobal
