
Microsoft Visual Studio Solution File, Format Version 12.00
# Visual Studio 15
VisualStudioVersion = 15.0.26430.13
MinimumVisualStudioVersion = 10.0.40219.1
Project("{FAE04EC0-301F-11D3-BF4B-00C04F79EFBC}") = "Reverse-String", "Reverse-String\Reverse-String.csproj", "{CFDDA73F-FEBF-4819-9C3B-C33849DE85D0}"
EndProject
Project("{FAE04EC0-301F-11D3-BF4B-00C04F79EFBC}") = "String-Length", "String-Length\String-Length.csproj", "{28824BF8-82BC-427D-9952-DD8D28E10920}"
EndProject
Project("{FAE04EC0-301F-11D3-BF4B-00C04F79EFBC}") = "Formatting-Numbers", "Formatting-Numbers\Formatting-Numbers.csproj", "{4B220D51-8973-41B8-A3D2-265F134ABD20}"
EndProject
Project("{FAE04EC0-301F-11D3-BF4B-00C04F79EFBC}") = "Convert-From-Base-Decimal-To-Base-N", "Convert-From-Base-Decimal-To-Base-N\Convert-From-Base-Decimal-To-Base-N.csproj", "{492C093D-CE6D-4273-BBE9-3BBAF22DA775}"
EndProject
Project("{FAE04EC0-301F-11D3-BF4B-00C04F79EFBC}") = "Convert-From-Base-N-To-Base-Decimal", "Convert-From-Base-N-To-Base-Decimal\Convert-From-Base-N-To-Base-Decimal.csproj", "{4DFD881F-31A5-4DC4-B2C0-3BC8D3B9A9CC}"
EndProject
Project("{FAE04EC0-301F-11D3-BF4B-00C04F79EFBC}") = "Count-Substring-Occurrences", "Count-Substring-Occurrences\Count-Substring-Occurrences.csproj", "{80FA97DE-EA7E-4F44-A567-443393665893}"
EndProject
Project("{FAE04EC0-301F-11D3-BF4B-00C04F79EFBC}") = "Sum-Big-Numbers", "Sum-Big-Numbers\Sum-Big-Numbers.csproj", "{305B5CCF-FBF6-4A56-9108-DFDC04EF34E1}"
EndProject
Project("{FAE04EC0-301F-11D3-BF4B-00C04F79EFBC}") = "Multiply-Big-Numbers", "Multiply-Big-Numbers\Multiply-Big-Numbers.csproj", "{E94229FA-DFCD-45FF-B97C-F99000BB40D7}"
EndProject
Project("{FAE04EC0-301F-11D3-BF4B-00C04F79EFBC}") = "Text-Filter", "Text-Filter\Text-Filter.csproj", "{00D39E0B-DF44-4959-99AD-AAE8BC0C5366}"
EndProject
Project("{FAE04EC0-301F-11D3-BF4B-00C04F79EFBC}") = "Unicode-Characters", "Unicode-Characters\Unicode-Characters.csproj", "{0974C198-474B-43A5-8210-06134B3538E2}"
EndProject
Project("{FAE04EC0-301F-11D3-BF4B-00C04F79EFBC}") = "Palindromes", "Palindromes\Palindromes.csproj", "{30BC3C72-D592-4494-AAA6-787E3A52012F}"
EndProject
Project("{FAE04EC0-301F-11D3-BF4B-00C04F79EFBC}") = "Character-Multiplier", "Character-Multiplier\Character-Multiplier.csproj", "{8FE4EC08-C067-4C81-A6BB-130B920B068D}"
EndProject
Project("{FAE04EC0-301F-11D3-BF4B-00C04F79EFBC}") = "Magic-Exchangeable-Words", "Magic-Exchangeable-Words\Magic-Exchangeable-Words.csproj", "{46B07B0E-68EA-4B16-88ED-9F0652FB695A}"
EndProject
Project("{FAE04EC0-301F-11D3-BF4B-00C04F79EFBC}") = "Letters-Change-Numbers", "Letters-Change-Numbers\Letters-Change-Numbers.csproj", "{BAFF8183-28E5-4247-9022-A7B88869714D}"
EndProject
Project("{FAE04EC0-301F-11D3-BF4B-00C04F79EFBC}") = "Extract-Hyperlinks", "Extract-Hyperlinks\Extract-Hyperlinks.csproj", "{690E7BC0-9595-4816-9EE6-5D0AFF629462}"
EndProject
Project("{FAE04EC0-301F-11D3-BF4B-00C04F79EFBC}") = "Melrah-Shake", "Melrah-Shake\Melrah-Shake.csproj", "{D17D0554-0631-4190-8245-248388600BB8}"
EndProject
Global
	GlobalSection(SolutionConfigurationPlatforms) = preSolution
		Debug|Any CPU = Debug|Any CPU
		Release|Any CPU = Release|Any CPU
	EndGlobalSection
	GlobalSection(ProjectConfigurationPlatforms) = postSolution
		{CFDDA73F-FEBF-4819-9C3B-C33849DE85D0}.Debug|Any CPU.ActiveCfg = Debug|Any CPU
		{CFDDA73F-FEBF-4819-9C3B-C33849DE85D0}.Debug|Any CPU.Build.0 = Debug|Any CPU
		{CFDDA73F-FEBF-4819-9C3B-C33849DE85D0}.Release|Any CPU.ActiveCfg = Release|Any CPU
		{CFDDA73F-FEBF-4819-9C3B-C33849DE85D0}.Release|Any CPU.Build.0 = Release|Any CPU
		{28824BF8-82BC-427D-9952-DD8D28E10920}.Debug|Any CPU.ActiveCfg = Debug|Any CPU
		{28824BF8-82BC-427D-9952-DD8D28E10920}.Debug|Any CPU.Build.0 = Debug|Any CPU
		{28824BF8-82BC-427D-9952-DD8D28E10920}.Release|Any CPU.ActiveCfg = Release|Any CPU
		{28824BF8-82BC-427D-9952-DD8D28E10920}.Release|Any CPU.Build.0 = Release|Any CPU
		{4B220D51-8973-41B8-A3D2-265F134ABD20}.Debug|Any CPU.ActiveCfg = Debug|Any CPU
		{4B220D51-8973-41B8-A3D2-265F134ABD20}.Debug|Any CPU.Build.0 = Debug|Any CPU
		{4B220D51-8973-41B8-A3D2-265F134ABD20}.Release|Any CPU.ActiveCfg = Release|Any CPU
		{4B220D51-8973-41B8-A3D2-265F134ABD20}.Release|Any CPU.Build.0 = Release|Any CPU
		{492C093D-CE6D-4273-BBE9-3BBAF22DA775}.Debug|Any CPU.ActiveCfg = Debug|Any CPU
		{492C093D-CE6D-4273-BBE9-3BBAF22DA775}.Debug|Any CPU.Build.0 = Debug|Any CPU
		{492C093D-CE6D-4273-BBE9-3BBAF22DA775}.Release|Any CPU.ActiveCfg = Release|Any CPU
		{492C093D-CE6D-4273-BBE9-3BBAF22DA775}.Release|Any CPU.Build.0 = Release|Any CPU
		{4DFD881F-31A5-4DC4-B2C0-3BC8D3B9A9CC}.Debug|Any CPU.ActiveCfg = Debug|Any CPU
		{4DFD881F-31A5-4DC4-B2C0-3BC8D3B9A9CC}.Debug|Any CPU.Build.0 = Debug|Any CPU
		{4DFD881F-31A5-4DC4-B2C0-3BC8D3B9A9CC}.Release|Any CPU.ActiveCfg = Release|Any CPU
		{4DFD881F-31A5-4DC4-B2C0-3BC8D3B9A9CC}.Release|Any CPU.Build.0 = Release|Any CPU
		{80FA97DE-EA7E-4F44-A567-443393665893}.Debug|Any CPU.ActiveCfg = Debug|Any CPU
		{80FA97DE-EA7E-4F44-A567-443393665893}.Debug|Any CPU.Build.0 = Debug|Any CPU
		{80FA97DE-EA7E-4F44-A567-443393665893}.Release|Any CPU.ActiveCfg = Release|Any CPU
		{80FA97DE-EA7E-4F44-A567-443393665893}.Release|Any CPU.Build.0 = Release|Any CPU
		{305B5CCF-FBF6-4A56-9108-DFDC04EF34E1}.Debug|Any CPU.ActiveCfg = Debug|Any CPU
		{305B5CCF-FBF6-4A56-9108-DFDC04EF34E1}.Debug|Any CPU.Build.0 = Debug|Any CPU
		{305B5CCF-FBF6-4A56-9108-DFDC04EF34E1}.Release|Any CPU.ActiveCfg = Release|Any CPU
		{305B5CCF-FBF6-4A56-9108-DFDC04EF34E1}.Release|Any CPU.Build.0 = Release|Any CPU
		{E94229FA-DFCD-45FF-B97C-F99000BB40D7}.Debug|Any CPU.ActiveCfg = Debug|Any CPU
		{E94229FA-DFCD-45FF-B97C-F99000BB40D7}.Debug|Any CPU.Build.0 = Debug|Any CPU
		{E94229FA-DFCD-45FF-B97C-F99000BB40D7}.Release|Any CPU.ActiveCfg = Release|Any CPU
		{E94229FA-DFCD-45FF-B97C-F99000BB40D7}.Release|Any CPU.Build.0 = Release|Any CPU
		{00D39E0B-DF44-4959-99AD-AAE8BC0C5366}.Debug|Any CPU.ActiveCfg = Debug|Any CPU
		{00D39E0B-DF44-4959-99AD-AAE8BC0C5366}.Debug|Any CPU.Build.0 = Debug|Any CPU
		{00D39E0B-DF44-4959-99AD-AAE8BC0C5366}.Release|Any CPU.ActiveCfg = Release|Any CPU
		{00D39E0B-DF44-4959-99AD-AAE8BC0C5366}.Release|Any CPU.Build.0 = Release|Any CPU
		{0974C198-474B-43A5-8210-06134B3538E2}.Debug|Any CPU.ActiveCfg = Debug|Any CPU
		{0974C198-474B-43A5-8210-06134B3538E2}.Debug|Any CPU.Build.0 = Debug|Any CPU
		{0974C198-474B-43A5-8210-06134B3538E2}.Release|Any CPU.ActiveCfg = Release|Any CPU
		{0974C198-474B-43A5-8210-06134B3538E2}.Release|Any CPU.Build.0 = Release|Any CPU
		{30BC3C72-D592-4494-AAA6-787E3A52012F}.Debug|Any CPU.ActiveCfg = Debug|Any CPU
		{30BC3C72-D592-4494-AAA6-787E3A52012F}.Debug|Any CPU.Build.0 = Debug|Any CPU
		{30BC3C72-D592-4494-AAA6-787E3A52012F}.Release|Any CPU.ActiveCfg = Release|Any CPU
		{30BC3C72-D592-4494-AAA6-787E3A52012F}.Release|Any CPU.Build.0 = Release|Any CPU
		{8FE4EC08-C067-4C81-A6BB-130B920B068D}.Debug|Any CPU.ActiveCfg = Debug|Any CPU
		{8FE4EC08-C067-4C81-A6BB-130B920B068D}.Debug|Any CPU.Build.0 = Debug|Any CPU
		{8FE4EC08-C067-4C81-A6BB-130B920B068D}.Release|Any CPU.ActiveCfg = Release|Any CPU
		{8FE4EC08-C067-4C81-A6BB-130B920B068D}.Release|Any CPU.Build.0 = Release|Any CPU
		{46B07B0E-68EA-4B16-88ED-9F0652FB695A}.Debug|Any CPU.ActiveCfg = Debug|Any CPU
		{46B07B0E-68EA-4B16-88ED-9F0652FB695A}.Debug|Any CPU.Build.0 = Debug|Any CPU
		{46B07B0E-68EA-4B16-88ED-9F0652FB695A}.Release|Any CPU.ActiveCfg = Release|Any CPU
		{46B07B0E-68EA-4B16-88ED-9F0652FB695A}.Release|Any CPU.Build.0 = Release|Any CPU
		{BAFF8183-28E5-4247-9022-A7B88869714D}.Debug|Any CPU.ActiveCfg = Debug|Any CPU
		{BAFF8183-28E5-4247-9022-A7B88869714D}.Debug|Any CPU.Build.0 = Debug|Any CPU
		{BAFF8183-28E5-4247-9022-A7B88869714D}.Release|Any CPU.ActiveCfg = Release|Any CPU
		{BAFF8183-28E5-4247-9022-A7B88869714D}.Release|Any CPU.Build.0 = Release|Any CPU
		{690E7BC0-9595-4816-9EE6-5D0AFF629462}.Debug|Any CPU.ActiveCfg = Debug|Any CPU
		{690E7BC0-9595-4816-9EE6-5D0AFF629462}.Debug|Any CPU.Build.0 = Debug|Any CPU
		{690E7BC0-9595-4816-9EE6-5D0AFF629462}.Release|Any CPU.ActiveCfg = Release|Any CPU
		{690E7BC0-9595-4816-9EE6-5D0AFF629462}.Release|Any CPU.Build.0 = Release|Any CPU
		{D17D0554-0631-4190-8245-248388600BB8}.Debug|Any CPU.ActiveCfg = Debug|Any CPU
		{D17D0554-0631-4190-8245-248388600BB8}.Debug|Any CPU.Build.0 = Debug|Any CPU
		{D17D0554-0631-4190-8245-248388600BB8}.Release|Any CPU.ActiveCfg = Release|Any CPU
		{D17D0554-0631-4190-8245-248388600BB8}.Release|Any CPU.Build.0 = Release|Any CPU
	EndGlobalSection
	GlobalSection(SolutionProperties) = preSolution
		HideSolutionNode = FALSE
	EndGlobalSection
EndGlobal
